// !$*UTF8*$!
{
	archiveVersion = 1;
	classes = {
	};
	objectVersion = 46;
	objects = {

/* Begin PBXBuildFile section */
		6526E8C814F66BB2007F6BDC /* iAroundyouStoryboard.storyboard in Resources */ = {isa = PBXBuildFile; fileRef = 6526E8C714F66BB2007F6BDC /* iAroundyouStoryboard.storyboard */; };
		6526E8CC14F66D13007F6BDC /* MainViewController.m in Sources */ = {isa = PBXBuildFile; fileRef = 6526E8CB14F66D13007F6BDC /* MainViewController.m */; };
		6526E8D714F67346007F6BDC /* MessagesTableViewController.m in Sources */ = {isa = PBXBuildFile; fileRef = 6526E8D614F67346007F6BDC /* MessagesTableViewController.m */; };
		6534B0F114F216E300378A01 /* UIKit.framework in Frameworks */ = {isa = PBXBuildFile; fileRef = 6534B0F014F216E300378A01 /* UIKit.framework */; };
		6534B0F314F216E300378A01 /* Foundation.framework in Frameworks */ = {isa = PBXBuildFile; fileRef = 6534B0F214F216E300378A01 /* Foundation.framework */; };
		6534B0F514F216E300378A01 /* CoreGraphics.framework in Frameworks */ = {isa = PBXBuildFile; fileRef = 6534B0F414F216E300378A01 /* CoreGraphics.framework */; };
		6534B0FB14F216E300378A01 /* InfoPlist.strings in Resources */ = {isa = PBXBuildFile; fileRef = 6534B0F914F216E300378A01 /* InfoPlist.strings */; };
		6534B0FD14F216E300378A01 /* main.m in Sources */ = {isa = PBXBuildFile; fileRef = 6534B0FC14F216E300378A01 /* main.m */; };
		6534B10114F216E300378A01 /* AppDelegate.m in Sources */ = {isa = PBXBuildFile; fileRef = 6534B10014F216E300378A01 /* AppDelegate.m */; };
		6534B10914F216E300378A01 /* SenTestingKit.framework in Frameworks */ = {isa = PBXBuildFile; fileRef = 6534B10814F216E300378A01 /* SenTestingKit.framework */; };
		6534B10A14F216E300378A01 /* UIKit.framework in Frameworks */ = {isa = PBXBuildFile; fileRef = 6534B0F014F216E300378A01 /* UIKit.framework */; };
		6534B10B14F216E300378A01 /* Foundation.framework in Frameworks */ = {isa = PBXBuildFile; fileRef = 6534B0F214F216E300378A01 /* Foundation.framework */; };
		6534B11314F216E300378A01 /* InfoPlist.strings in Resources */ = {isa = PBXBuildFile; fileRef = 6534B11114F216E300378A01 /* InfoPlist.strings */; };
		6534B11614F216E300378A01 /* iAroundYouTests.m in Sources */ = {isa = PBXBuildFile; fileRef = 6534B11514F216E300378A01 /* iAroundYouTests.m */; };
		6557F60A15074B9100504EC2 /* User+Image.m in Sources */ = {isa = PBXBuildFile; fileRef = 6557F60915074B9100504EC2 /* User+Image.m */; };
		6585F728150330DD0074CFA2 /* CoreData.framework in Frameworks */ = {isa = PBXBuildFile; fileRef = 6585F727150330DD0074CFA2 /* CoreData.framework */; };
		6585F72C150337D40074CFA2 /* CoreDataTableViewController.m in Sources */ = {isa = PBXBuildFile; fileRef = 6585F72B150337D40074CFA2 /* CoreDataTableViewController.m */; };
		6585F72F150339890074CFA2 /* iAroundYouModel.xcdatamodeld in Sources */ = {isa = PBXBuildFile; fileRef = 6585F72D150339890074CFA2 /* iAroundYouModel.xcdatamodeld */; };
		6585F73E15033E180074CFA2 /* Message+Load.m in Sources */ = {isa = PBXBuildFile; fileRef = 6585F73D15033E180074CFA2 /* Message+Load.m */; };
		6585F741150343F60074CFA2 /* User+Load.m in Sources */ = {isa = PBXBuildFile; fileRef = 6585F740150343F60074CFA2 /* User+Load.m */; };
		65887DD51506178100C72623 /* MessageDetailViewController.m in Sources */ = {isa = PBXBuildFile; fileRef = 65887DD41506178100C72623 /* MessageDetailViewController.m */; };
		658C5C7614FA8B28007236B5 /* MessageAddViewController.m in Sources */ = {isa = PBXBuildFile; fileRef = 658C5C7514FA8B28007236B5 /* MessageAddViewController.m */; };
		659BB5521503537600153C0A /* Region.m in Sources */ = {isa = PBXBuildFile; fileRef = 659BB5511503537600153C0A /* Region.m */; };
		659BB5551503537600153C0A /* Message.m in Sources */ = {isa = PBXBuildFile; fileRef = 659BB5541503537600153C0A /* Message.m */; };
		659BB5581503537600153C0A /* User.m in Sources */ = {isa = PBXBuildFile; fileRef = 659BB5571503537600153C0A /* User.m */; };
		659BB55B1503537700153C0A /* Comment.m in Sources */ = {isa = PBXBuildFile; fileRef = 659BB55A1503537700153C0A /* Comment.m */; };
		65B7867E14FD337B00CC67F0 /* ASIAuthenticationDialog.m in Sources */ = {isa = PBXBuildFile; fileRef = 65B7866714FD337B00CC67F0 /* ASIAuthenticationDialog.m */; settings = {COMPILER_FLAGS = "-fno-objc-arc"; }; };
		65B7867F14FD337B00CC67F0 /* ASIDataCompressor.m in Sources */ = {isa = PBXBuildFile; fileRef = 65B7866A14FD337B00CC67F0 /* ASIDataCompressor.m */; settings = {COMPILER_FLAGS = "-fno-objc-arc"; }; };
		65B7868014FD337B00CC67F0 /* ASIDataDecompressor.m in Sources */ = {isa = PBXBuildFile; fileRef = 65B7866C14FD337B00CC67F0 /* ASIDataDecompressor.m */; settings = {COMPILER_FLAGS = "-fno-objc-arc"; }; };
		65B7868114FD337B00CC67F0 /* ASIDownloadCache.m in Sources */ = {isa = PBXBuildFile; fileRef = 65B7866E14FD337B00CC67F0 /* ASIDownloadCache.m */; settings = {COMPILER_FLAGS = "-fno-objc-arc"; }; };
		65B7868214FD337B00CC67F0 /* ASIFormDataRequest.m in Sources */ = {isa = PBXBuildFile; fileRef = 65B7867014FD337B00CC67F0 /* ASIFormDataRequest.m */; settings = {COMPILER_FLAGS = "-fno-objc-arc"; }; };
		65B7868314FD337B00CC67F0 /* ASIHTTPRequest.m in Sources */ = {isa = PBXBuildFile; fileRef = 65B7867214FD337B00CC67F0 /* ASIHTTPRequest.m */; settings = {COMPILER_FLAGS = "-fno-objc-arc"; }; };
		65B7868414FD337B00CC67F0 /* ASIInputStream.m in Sources */ = {isa = PBXBuildFile; fileRef = 65B7867614FD337B00CC67F0 /* ASIInputStream.m */; settings = {COMPILER_FLAGS = "-fno-objc-arc"; }; };
		65B7868514FD337B00CC67F0 /* ASINetworkQueue.m in Sources */ = {isa = PBXBuildFile; fileRef = 65B7867814FD337B00CC67F0 /* ASINetworkQueue.m */; settings = {COMPILER_FLAGS = "-fno-objc-arc"; }; };
		65B7868614FD337B00CC67F0 /* Reachability.m in Sources */ = {isa = PBXBuildFile; fileRef = 65B7867D14FD337B00CC67F0 /* Reachability.m */; settings = {COMPILER_FLAGS = "-fno-objc-arc"; }; };
		65B7868A14FD33CD00CC67F0 /* JSONKit.m in Sources */ = {isa = PBXBuildFile; fileRef = 65B7868914FD33CD00CC67F0 /* JSONKit.m */; settings = {COMPILER_FLAGS = "-fno-objc-arc"; }; };
		65B7868C14FD33E300CC67F0 /* SystemConfiguration.framework in Frameworks */ = {isa = PBXBuildFile; fileRef = 65B7868B14FD33E300CC67F0 /* SystemConfiguration.framework */; };
		65B7868E14FD33EB00CC67F0 /* MobileCoreServices.framework in Frameworks */ = {isa = PBXBuildFile; fileRef = 65B7868D14FD33EB00CC67F0 /* MobileCoreServices.framework */; };
		65B7869014FD340100CC67F0 /* CFNetwork.framework in Frameworks */ = {isa = PBXBuildFile; fileRef = 65B7868F14FD340100CC67F0 /* CFNetwork.framework */; };
		65B7869214FD341300CC67F0 /* libz.dylib in Frameworks */ = {isa = PBXBuildFile; fileRef = 65B7869114FD341300CC67F0 /* libz.dylib */; };
/* End PBXBuildFile section */

/* Begin PBXContainerItemProxy section */
		6534B10C14F216E300378A01 /* PBXContainerItemProxy */ = {
			isa = PBXContainerItemProxy;
			containerPortal = 6534B0E314F216E300378A01 /* Project object */;
			proxyType = 1;
			remoteGlobalIDString = 6534B0EB14F216E300378A01;
			remoteInfo = iAroundYou;
		};
/* End PBXContainerItemProxy section */

/* Begin PBXFileReference section */
		6526E8C714F66BB2007F6BDC /* iAroundyouStoryboard.storyboard */ = {isa = PBXFileReference; fileEncoding = 4; lastKnownFileType = file.storyboard; path = iAroundyouStoryboard.storyboard; sourceTree = "<group>"; };
		6526E8CA14F66D13007F6BDC /* MainViewController.h */ = {isa = PBXFileReference; fileEncoding = 4; lastKnownFileType = sourcecode.c.h; path = MainViewController.h; sourceTree = "<group>"; };
		6526E8CB14F66D13007F6BDC /* MainViewController.m */ = {isa = PBXFileReference; fileEncoding = 4; lastKnownFileType = sourcecode.c.objc; path = MainViewController.m; sourceTree = "<group>"; };
		6526E8D514F67346007F6BDC /* MessagesTableViewController.h */ = {isa = PBXFileReference; fileEncoding = 4; lastKnownFileType = sourcecode.c.h; path = MessagesTableViewController.h; sourceTree = "<group>"; };
		6526E8D614F67346007F6BDC /* MessagesTableViewController.m */ = {isa = PBXFileReference; fileEncoding = 4; lastKnownFileType = sourcecode.c.objc; path = MessagesTableViewController.m; sourceTree = "<group>"; };
		6534B0EC14F216E300378A01 /* iAroundYou.app */ = {isa = PBXFileReference; explicitFileType = wrapper.application; includeInIndex = 0; path = iAroundYou.app; sourceTree = BUILT_PRODUCTS_DIR; };
		6534B0F014F216E300378A01 /* UIKit.framework */ = {isa = PBXFileReference; lastKnownFileType = wrapper.framework; name = UIKit.framework; path = System/Library/Frameworks/UIKit.framework; sourceTree = SDKROOT; };
		6534B0F214F216E300378A01 /* Foundation.framework */ = {isa = PBXFileReference; lastKnownFileType = wrapper.framework; name = Foundation.framework; path = System/Library/Frameworks/Foundation.framework; sourceTree = SDKROOT; };
		6534B0F414F216E300378A01 /* CoreGraphics.framework */ = {isa = PBXFileReference; lastKnownFileType = wrapper.framework; name = CoreGraphics.framework; path = System/Library/Frameworks/CoreGraphics.framework; sourceTree = SDKROOT; };
		6534B0F814F216E300378A01 /* iAroundYou-Info.plist */ = {isa = PBXFileReference; lastKnownFileType = text.plist.xml; path = "iAroundYou-Info.plist"; sourceTree = "<group>"; };
		6534B0FA14F216E300378A01 /* en */ = {isa = PBXFileReference; lastKnownFileType = text.plist.strings; name = en; path = en.lproj/InfoPlist.strings; sourceTree = "<group>"; };
		6534B0FC14F216E300378A01 /* main.m */ = {isa = PBXFileReference; lastKnownFileType = sourcecode.c.objc; path = main.m; sourceTree = "<group>"; };
		6534B0FE14F216E300378A01 /* iAroundYou-Prefix.pch */ = {isa = PBXFileReference; lastKnownFileType = sourcecode.c.h; path = "iAroundYou-Prefix.pch"; sourceTree = "<group>"; };
		6534B0FF14F216E300378A01 /* AppDelegate.h */ = {isa = PBXFileReference; lastKnownFileType = sourcecode.c.h; path = AppDelegate.h; sourceTree = "<group>"; };
		6534B10014F216E300378A01 /* AppDelegate.m */ = {isa = PBXFileReference; lastKnownFileType = sourcecode.c.objc; path = AppDelegate.m; sourceTree = "<group>"; };
		6534B10714F216E300378A01 /* iAroundYouTests.octest */ = {isa = PBXFileReference; explicitFileType = wrapper.cfbundle; includeInIndex = 0; path = iAroundYouTests.octest; sourceTree = BUILT_PRODUCTS_DIR; };
		6534B10814F216E300378A01 /* SenTestingKit.framework */ = {isa = PBXFileReference; lastKnownFileType = wrapper.framework; name = SenTestingKit.framework; path = Library/Frameworks/SenTestingKit.framework; sourceTree = DEVELOPER_DIR; };
		6534B11014F216E300378A01 /* iAroundYouTests-Info.plist */ = {isa = PBXFileReference; lastKnownFileType = text.plist.xml; path = "iAroundYouTests-Info.plist"; sourceTree = "<group>"; };
		6534B11214F216E300378A01 /* en */ = {isa = PBXFileReference; lastKnownFileType = text.plist.strings; name = en; path = en.lproj/InfoPlist.strings; sourceTree = "<group>"; };
		6534B11414F216E300378A01 /* iAroundYouTests.h */ = {isa = PBXFileReference; lastKnownFileType = sourcecode.c.h; path = iAroundYouTests.h; sourceTree = "<group>"; };
		6534B11514F216E300378A01 /* iAroundYouTests.m */ = {isa = PBXFileReference; lastKnownFileType = sourcecode.c.objc; path = iAroundYouTests.m; sourceTree = "<group>"; };
		6557F60815074B9100504EC2 /* User+Image.h */ = {isa = PBXFileReference; fileEncoding = 4; lastKnownFileType = sourcecode.c.h; path = "User+Image.h"; sourceTree = "<group>"; };
		6557F60915074B9100504EC2 /* User+Image.m */ = {isa = PBXFileReference; fileEncoding = 4; lastKnownFileType = sourcecode.c.objc; path = "User+Image.m"; sourceTree = "<group>"; };
		6585F727150330DD0074CFA2 /* CoreData.framework */ = {isa = PBXFileReference; lastKnownFileType = wrapper.framework; name = CoreData.framework; path = System/Library/Frameworks/CoreData.framework; sourceTree = SDKROOT; };
		6585F72A150337D40074CFA2 /* CoreDataTableViewController.h */ = {isa = PBXFileReference; fileEncoding = 4; lastKnownFileType = sourcecode.c.h; path = CoreDataTableViewController.h; sourceTree = "<group>"; };
		6585F72B150337D40074CFA2 /* CoreDataTableViewController.m */ = {isa = PBXFileReference; fileEncoding = 4; lastKnownFileType = sourcecode.c.objc; path = CoreDataTableViewController.m; sourceTree = "<group>"; };
		6585F72E150339890074CFA2 /* iAroundYouModel.xcdatamodel */ = {isa = PBXFileReference; lastKnownFileType = wrapper.xcdatamodel; path = iAroundYouModel.xcdatamodel; sourceTree = "<group>"; };
		6585F73C15033E170074CFA2 /* Message+Load.h */ = {isa = PBXFileReference; fileEncoding = 4; lastKnownFileType = sourcecode.c.h; path = "Message+Load.h"; sourceTree = "<group>"; };
		6585F73D15033E180074CFA2 /* Message+Load.m */ = {isa = PBXFileReference; fileEncoding = 4; lastKnownFileType = sourcecode.c.objc; path = "Message+Load.m"; sourceTree = "<group>"; };
		6585F73F150343F60074CFA2 /* User+Load.h */ = {isa = PBXFileReference; fileEncoding = 4; lastKnownFileType = sourcecode.c.h; path = "User+Load.h"; sourceTree = "<group>"; };
		6585F740150343F60074CFA2 /* User+Load.m */ = {isa = PBXFileReference; fileEncoding = 4; lastKnownFileType = sourcecode.c.objc; path = "User+Load.m"; sourceTree = "<group>"; };
		65887DD31506178100C72623 /* MessageDetailViewController.h */ = {isa = PBXFileReference; fileEncoding = 4; lastKnownFileType = sourcecode.c.h; path = MessageDetailViewController.h; sourceTree = "<group>"; };
		65887DD41506178100C72623 /* MessageDetailViewController.m */ = {isa = PBXFileReference; fileEncoding = 4; lastKnownFileType = sourcecode.c.objc; path = MessageDetailViewController.m; sourceTree = "<group>"; };
		658C5C7414FA8B27007236B5 /* MessageAddViewController.h */ = {isa = PBXFileReference; fileEncoding = 4; lastKnownFileType = sourcecode.c.h; path = MessageAddViewController.h; sourceTree = "<group>"; };
		658C5C7514FA8B28007236B5 /* MessageAddViewController.m */ = {isa = PBXFileReference; fileEncoding = 4; lastKnownFileType = sourcecode.c.objc; path = MessageAddViewController.m; sourceTree = "<group>"; };
		659BB5501503537600153C0A /* Region.h */ = {isa = PBXFileReference; fileEncoding = 4; lastKnownFileType = sourcecode.c.h; path = Region.h; sourceTree = "<group>"; };
		659BB5511503537600153C0A /* Region.m */ = {isa = PBXFileReference; fileEncoding = 4; lastKnownFileType = sourcecode.c.objc; path = Region.m; sourceTree = "<group>"; };
		659BB5531503537600153C0A /* Message.h */ = {isa = PBXFileReference; fileEncoding = 4; lastKnownFileType = sourcecode.c.h; path = Message.h; sourceTree = "<group>"; };
		659BB5541503537600153C0A /* Message.m */ = {isa = PBXFileReference; fileEncoding = 4; lastKnownFileType = sourcecode.c.objc; path = Message.m; sourceTree = "<group>"; };
		659BB5561503537600153C0A /* User.h */ = {isa = PBXFileReference; fileEncoding = 4; lastKnownFileType = sourcecode.c.h; path = User.h; sourceTree = "<group>"; };
		659BB5571503537600153C0A /* User.m */ = {isa = PBXFileReference; fileEncoding = 4; lastKnownFileType = sourcecode.c.objc; path = User.m; sourceTree = "<group>"; };
		659BB5591503537700153C0A /* Comment.h */ = {isa = PBXFileReference; fileEncoding = 4; lastKnownFileType = sourcecode.c.h; path = Comment.h; sourceTree = "<group>"; };
		659BB55A1503537700153C0A /* Comment.m */ = {isa = PBXFileReference; fileEncoding = 4; lastKnownFileType = sourcecode.c.objc; path = Comment.m; sourceTree = "<group>"; };
		65B7866614FD337B00CC67F0 /* ASIAuthenticationDialog.h */ = {isa = PBXFileReference; fileEncoding = 4; lastKnownFileType = sourcecode.c.h; path = ASIAuthenticationDialog.h; sourceTree = "<group>"; };
		65B7866714FD337B00CC67F0 /* ASIAuthenticationDialog.m */ = {isa = PBXFileReference; fileEncoding = 4; lastKnownFileType = sourcecode.c.objc; path = ASIAuthenticationDialog.m; sourceTree = "<group>"; };
		65B7866814FD337B00CC67F0 /* ASICacheDelegate.h */ = {isa = PBXFileReference; fileEncoding = 4; lastKnownFileType = sourcecode.c.h; path = ASICacheDelegate.h; sourceTree = "<group>"; };
		65B7866914FD337B00CC67F0 /* ASIDataCompressor.h */ = {isa = PBXFileReference; fileEncoding = 4; lastKnownFileType = sourcecode.c.h; path = ASIDataCompressor.h; sourceTree = "<group>"; };
		65B7866A14FD337B00CC67F0 /* ASIDataCompressor.m */ = {isa = PBXFileReference; fileEncoding = 4; lastKnownFileType = sourcecode.c.objc; path = ASIDataCompressor.m; sourceTree = "<group>"; };
		65B7866B14FD337B00CC67F0 /* ASIDataDecompressor.h */ = {isa = PBXFileReference; fileEncoding = 4; lastKnownFileType = sourcecode.c.h; path = ASIDataDecompressor.h; sourceTree = "<group>"; };
		65B7866C14FD337B00CC67F0 /* ASIDataDecompressor.m */ = {isa = PBXFileReference; fileEncoding = 4; lastKnownFileType = sourcecode.c.objc; path = ASIDataDecompressor.m; sourceTree = "<group>"; };
		65B7866D14FD337B00CC67F0 /* ASIDownloadCache.h */ = {isa = PBXFileReference; fileEncoding = 4; lastKnownFileType = sourcecode.c.h; path = ASIDownloadCache.h; sourceTree = "<group>"; };
		65B7866E14FD337B00CC67F0 /* ASIDownloadCache.m */ = {isa = PBXFileReference; fileEncoding = 4; lastKnownFileType = sourcecode.c.objc; path = ASIDownloadCache.m; sourceTree = "<group>"; };
		65B7866F14FD337B00CC67F0 /* ASIFormDataRequest.h */ = {isa = PBXFileReference; fileEncoding = 4; lastKnownFileType = sourcecode.c.h; path = ASIFormDataRequest.h; sourceTree = "<group>"; };
		65B7867014FD337B00CC67F0 /* ASIFormDataRequest.m */ = {isa = PBXFileReference; fileEncoding = 4; lastKnownFileType = sourcecode.c.objc; path = ASIFormDataRequest.m; sourceTree = "<group>"; };
		65B7867114FD337B00CC67F0 /* ASIHTTPRequest.h */ = {isa = PBXFileReference; fileEncoding = 4; lastKnownFileType = sourcecode.c.h; path = ASIHTTPRequest.h; sourceTree = "<group>"; };
		65B7867214FD337B00CC67F0 /* ASIHTTPRequest.m */ = {isa = PBXFileReference; fileEncoding = 4; lastKnownFileType = sourcecode.c.objc; path = ASIHTTPRequest.m; sourceTree = "<group>"; };
		65B7867314FD337B00CC67F0 /* ASIHTTPRequestConfig.h */ = {isa = PBXFileReference; fileEncoding = 4; lastKnownFileType = sourcecode.c.h; path = ASIHTTPRequestConfig.h; sourceTree = "<group>"; };
		65B7867414FD337B00CC67F0 /* ASIHTTPRequestDelegate.h */ = {isa = PBXFileReference; fileEncoding = 4; lastKnownFileType = sourcecode.c.h; path = ASIHTTPRequestDelegate.h; sourceTree = "<group>"; };
		65B7867514FD337B00CC67F0 /* ASIInputStream.h */ = {isa = PBXFileReference; fileEncoding = 4; lastKnownFileType = sourcecode.c.h; path = ASIInputStream.h; sourceTree = "<group>"; };
		65B7867614FD337B00CC67F0 /* ASIInputStream.m */ = {isa = PBXFileReference; fileEncoding = 4; lastKnownFileType = sourcecode.c.objc; path = ASIInputStream.m; sourceTree = "<group>"; };
		65B7867714FD337B00CC67F0 /* ASINetworkQueue.h */ = {isa = PBXFileReference; fileEncoding = 4; lastKnownFileType = sourcecode.c.h; path = ASINetworkQueue.h; sourceTree = "<group>"; };
		65B7867814FD337B00CC67F0 /* ASINetworkQueue.m */ = {isa = PBXFileReference; fileEncoding = 4; lastKnownFileType = sourcecode.c.objc; path = ASINetworkQueue.m; sourceTree = "<group>"; };
		65B7867914FD337B00CC67F0 /* ASIProgressDelegate.h */ = {isa = PBXFileReference; fileEncoding = 4; lastKnownFileType = sourcecode.c.h; path = ASIProgressDelegate.h; sourceTree = "<group>"; };
		65B7867C14FD337B00CC67F0 /* Reachability.h */ = {isa = PBXFileReference; fileEncoding = 4; lastKnownFileType = sourcecode.c.h; path = Reachability.h; sourceTree = "<group>"; };
		65B7867D14FD337B00CC67F0 /* Reachability.m */ = {isa = PBXFileReference; fileEncoding = 4; lastKnownFileType = sourcecode.c.objc; path = Reachability.m; sourceTree = "<group>"; };
		65B7868814FD33CD00CC67F0 /* JSONKit.h */ = {isa = PBXFileReference; fileEncoding = 4; lastKnownFileType = sourcecode.c.h; path = JSONKit.h; sourceTree = "<group>"; };
		65B7868914FD33CD00CC67F0 /* JSONKit.m */ = {isa = PBXFileReference; fileEncoding = 4; lastKnownFileType = sourcecode.c.objc; path = JSONKit.m; sourceTree = "<group>"; };
		65B7868B14FD33E300CC67F0 /* SystemConfiguration.framework */ = {isa = PBXFileReference; lastKnownFileType = wrapper.framework; name = SystemConfiguration.framework; path = System/Library/Frameworks/SystemConfiguration.framework; sourceTree = SDKROOT; };
		65B7868D14FD33EB00CC67F0 /* MobileCoreServices.framework */ = {isa = PBXFileReference; lastKnownFileType = wrapper.framework; name = MobileCoreServices.framework; path = System/Library/Frameworks/MobileCoreServices.framework; sourceTree = SDKROOT; };
		65B7868F14FD340100CC67F0 /* CFNetwork.framework */ = {isa = PBXFileReference; lastKnownFileType = wrapper.framework; name = CFNetwork.framework; path = System/Library/Frameworks/CFNetwork.framework; sourceTree = SDKROOT; };
		65B7869114FD341300CC67F0 /* libz.dylib */ = {isa = PBXFileReference; lastKnownFileType = "compiled.mach-o.dylib"; name = libz.dylib; path = usr/lib/libz.dylib; sourceTree = SDKROOT; };
/* End PBXFileReference section */

/* Begin PBXFrameworksBuildPhase section */
		6534B0E914F216E300378A01 /* Frameworks */ = {
			isa = PBXFrameworksBuildPhase;
			buildActionMask = 2147483647;
			files = (
				6585F728150330DD0074CFA2 /* CoreData.framework in Frameworks */,
				65B7869214FD341300CC67F0 /* libz.dylib in Frameworks */,
				65B7869014FD340100CC67F0 /* CFNetwork.framework in Frameworks */,
				65B7868E14FD33EB00CC67F0 /* MobileCoreServices.framework in Frameworks */,
				65B7868C14FD33E300CC67F0 /* SystemConfiguration.framework in Frameworks */,
				6534B0F114F216E300378A01 /* UIKit.framework in Frameworks */,
				6534B0F314F216E300378A01 /* Foundation.framework in Frameworks */,
				6534B0F514F216E300378A01 /* CoreGraphics.framework in Frameworks */,
			);
			runOnlyForDeploymentPostprocessing = 0;
		};
		6534B10314F216E300378A01 /* Frameworks */ = {
			isa = PBXFrameworksBuildPhase;
			buildActionMask = 2147483647;
			files = (
				6534B10914F216E300378A01 /* SenTestingKit.framework in Frameworks */,
				6534B10A14F216E300378A01 /* UIKit.framework in Frameworks */,
				6534B10B14F216E300378A01 /* Foundation.framework in Frameworks */,
			);
			runOnlyForDeploymentPostprocessing = 0;
		};
/* End PBXFrameworksBuildPhase section */

/* Begin PBXGroup section */
		6534B0E114F216E300378A01 = {
			isa = PBXGroup;
			children = (
				6585F727150330DD0074CFA2 /* CoreData.framework */,
				65B7869114FD341300CC67F0 /* libz.dylib */,
				65B7868F14FD340100CC67F0 /* CFNetwork.framework */,
				65B7868D14FD33EB00CC67F0 /* MobileCoreServices.framework */,
				65B7868B14FD33E300CC67F0 /* SystemConfiguration.framework */,
				6534B0F614F216E300378A01 /* iAroundYou */,
				6534B10E14F216E300378A01 /* iAroundYouTests */,
				6534B0EF14F216E300378A01 /* Frameworks */,
				6534B0ED14F216E300378A01 /* Products */,
			);
			sourceTree = "<group>";
		};
		6534B0ED14F216E300378A01 /* Products */ = {
			isa = PBXGroup;
			children = (
				6534B0EC14F216E300378A01 /* iAroundYou.app */,
				6534B10714F216E300378A01 /* iAroundYouTests.octest */,
			);
			name = Products;
			sourceTree = "<group>";
		};
		6534B0EF14F216E300378A01 /* Frameworks */ = {
			isa = PBXGroup;
			children = (
				6534B0F014F216E300378A01 /* UIKit.framework */,
				6534B0F214F216E300378A01 /* Foundation.framework */,
				6534B0F414F216E300378A01 /* CoreGraphics.framework */,
				6534B10814F216E300378A01 /* SenTestingKit.framework */,
			);
			name = Frameworks;
			sourceTree = "<group>";
		};
		6534B0F614F216E300378A01 /* iAroundYou */ = {
			isa = PBXGroup;
			children = (
				6585F72D150339890074CFA2 /* iAroundYouModel.xcdatamodeld */,
				659BB5591503537700153C0A /* Comment.h */,
				659BB55A1503537700153C0A /* Comment.m */,
				659BB5561503537600153C0A /* User.h */,
				6557F60815074B9100504EC2 /* User+Image.h */,
				6557F60915074B9100504EC2 /* User+Image.m */,
				659BB5571503537600153C0A /* User.m */,
				659BB5531503537600153C0A /* Message.h */,
				659BB5541503537600153C0A /* Message.m */,
				659BB5501503537600153C0A /* Region.h */,
				659BB5511503537600153C0A /* Region.m */,
				6585F73C15033E170074CFA2 /* Message+Load.h */,
				6585F73D15033E180074CFA2 /* Message+Load.m */,
				6585F73F150343F60074CFA2 /* User+Load.h */,
				6585F740150343F60074CFA2 /* User+Load.m */,
				6585F72A150337D40074CFA2 /* CoreDataTableViewController.h */,
				6585F72B150337D40074CFA2 /* CoreDataTableViewController.m */,
				65B7868714FD33CD00CC67F0 /* JSONKit */,
				65B7866414FD337B00CC67F0 /* asi-http-request */,
				6534B0FF14F216E300378A01 /* AppDelegate.h */,
				6534B10014F216E300378A01 /* AppDelegate.m */,
				6534B0F714F216E300378A01 /* Supporting Files */,
				6526E8C714F66BB2007F6BDC /* iAroundyouStoryboard.storyboard */,
				6526E8CA14F66D13007F6BDC /* MainViewController.h */,
				6526E8CB14F66D13007F6BDC /* MainViewController.m */,
				6526E8D514F67346007F6BDC /* MessagesTableViewController.h */,
				6526E8D614F67346007F6BDC /* MessagesTableViewController.m */,
				65887DD31506178100C72623 /* MessageDetailViewController.h */,
				65887DD41506178100C72623 /* MessageDetailViewController.m */,
				658C5C7414FA8B27007236B5 /* MessageAddViewController.h */,
				658C5C7514FA8B28007236B5 /* MessageAddViewController.m */,
			);
			path = iAroundYou;
			sourceTree = "<group>";
		};
		6534B0F714F216E300378A01 /* Supporting Files */ = {
			isa = PBXGroup;
			children = (
				6534B0F814F216E300378A01 /* iAroundYou-Info.plist */,
				6534B0F914F216E300378A01 /* InfoPlist.strings */,
				6534B0FC14F216E300378A01 /* main.m */,
				6534B0FE14F216E300378A01 /* iAroundYou-Prefix.pch */,
			);
			name = "Supporting Files";
			sourceTree = "<group>";
		};
		6534B10E14F216E300378A01 /* iAroundYouTests */ = {
			isa = PBXGroup;
			children = (
				6534B11414F216E300378A01 /* iAroundYouTests.h */,
				6534B11514F216E300378A01 /* iAroundYouTests.m */,
				6534B10F14F216E300378A01 /* Supporting Files */,
			);
			path = iAroundYouTests;
			sourceTree = "<group>";
		};
		6534B10F14F216E300378A01 /* Supporting Files */ = {
			isa = PBXGroup;
			children = (
				6534B11014F216E300378A01 /* iAroundYouTests-Info.plist */,
				6534B11114F216E300378A01 /* InfoPlist.strings */,
			);
			name = "Supporting Files";
			sourceTree = "<group>";
		};
		65B7866414FD337B00CC67F0 /* asi-http-request */ = {
			isa = PBXGroup;
			children = (
				65B7866514FD337B00CC67F0 /* Classes */,
				65B7867A14FD337B00CC67F0 /* External */,
			);
			path = "asi-http-request";
			sourceTree = "<group>";
		};
		65B7866514FD337B00CC67F0 /* Classes */ = {
			isa = PBXGroup;
			children = (
				65B7866614FD337B00CC67F0 /* ASIAuthenticationDialog.h */,
				65B7866714FD337B00CC67F0 /* ASIAuthenticationDialog.m */,
				65B7866814FD337B00CC67F0 /* ASICacheDelegate.h */,
				65B7866914FD337B00CC67F0 /* ASIDataCompressor.h */,
				65B7866A14FD337B00CC67F0 /* ASIDataCompressor.m */,
				65B7866B14FD337B00CC67F0 /* ASIDataDecompressor.h */,
				65B7866C14FD337B00CC67F0 /* ASIDataDecompressor.m */,
				65B7866D14FD337B00CC67F0 /* ASIDownloadCache.h */,
				65B7866E14FD337B00CC67F0 /* ASIDownloadCache.m */,
				65B7866F14FD337B00CC67F0 /* ASIFormDataRequest.h */,
				65B7867014FD337B00CC67F0 /* ASIFormDataRequest.m */,
				65B7867114FD337B00CC67F0 /* ASIHTTPRequest.h */,
				65B7867214FD337B00CC67F0 /* ASIHTTPRequest.m */,
				65B7867314FD337B00CC67F0 /* ASIHTTPRequestConfig.h */,
				65B7867414FD337B00CC67F0 /* ASIHTTPRequestDelegate.h */,
				65B7867514FD337B00CC67F0 /* ASIInputStream.h */,
				65B7867614FD337B00CC67F0 /* ASIInputStream.m */,
				65B7867714FD337B00CC67F0 /* ASINetworkQueue.h */,
				65B7867814FD337B00CC67F0 /* ASINetworkQueue.m */,
				65B7867914FD337B00CC67F0 /* ASIProgressDelegate.h */,
			);
			path = Classes;
			sourceTree = "<group>";
		};
		65B7867A14FD337B00CC67F0 /* External */ = {
			isa = PBXGroup;
			children = (
				65B7867B14FD337B00CC67F0 /* Reachability */,
			);
			path = External;
			sourceTree = "<group>";
		};
		65B7867B14FD337B00CC67F0 /* Reachability */ = {
			isa = PBXGroup;
			children = (
				65B7867C14FD337B00CC67F0 /* Reachability.h */,
				65B7867D14FD337B00CC67F0 /* Reachability.m */,
			);
			path = Reachability;
			sourceTree = "<group>";
		};
		65B7868714FD33CD00CC67F0 /* JSONKit */ = {
			isa = PBXGroup;
			children = (
				65B7868814FD33CD00CC67F0 /* JSONKit.h */,
				65B7868914FD33CD00CC67F0 /* JSONKit.m */,
			);
			path = JSONKit;
			sourceTree = "<group>";
		};
/* End PBXGroup section */

/* Begin PBXNativeTarget section */
		6534B0EB14F216E300378A01 /* iAroundYou */ = {
			isa = PBXNativeTarget;
			buildConfigurationList = 6534B11914F216E300378A01 /* Build configuration list for PBXNativeTarget "iAroundYou" */;
			buildPhases = (
				6534B0E814F216E300378A01 /* Sources */,
				6534B0E914F216E300378A01 /* Frameworks */,
				6534B0EA14F216E300378A01 /* Resources */,
			);
			buildRules = (
			);
			dependencies = (
			);
			name = iAroundYou;
			productName = iAroundYou;
			productReference = 6534B0EC14F216E300378A01 /* iAroundYou.app */;
			productType = "com.apple.product-type.application";
		};
		6534B10614F216E300378A01 /* iAroundYouTests */ = {
			isa = PBXNativeTarget;
			buildConfigurationList = 6534B11C14F216E300378A01 /* Build configuration list for PBXNativeTarget "iAroundYouTests" */;
			buildPhases = (
				6534B10214F216E300378A01 /* Sources */,
				6534B10314F216E300378A01 /* Frameworks */,
				6534B10414F216E300378A01 /* Resources */,
				6534B10514F216E300378A01 /* ShellScript */,
			);
			buildRules = (
			);
			dependencies = (
				6534B10D14F216E300378A01 /* PBXTargetDependency */,
			);
			name = iAroundYouTests;
			productName = iAroundYouTests;
			productReference = 6534B10714F216E300378A01 /* iAroundYouTests.octest */;
			productType = "com.apple.product-type.bundle";
		};
/* End PBXNativeTarget section */

/* Begin PBXProject section */
		6534B0E314F216E300378A01 /* Project object */ = {
			isa = PBXProject;
			attributes = {
				LastUpgradeCheck = 0430;
			};
			buildConfigurationList = 6534B0E614F216E300378A01 /* Build configuration list for PBXProject "iAroundYou" */;
			compatibilityVersion = "Xcode 3.2";
			developmentRegion = English;
			hasScannedForEncodings = 0;
			knownRegions = (
				en,
			);
			mainGroup = 6534B0E114F216E300378A01;
			productRefGroup = 6534B0ED14F216E300378A01 /* Products */;
			projectDirPath = "";
			projectRoot = "";
			targets = (
				6534B0EB14F216E300378A01 /* iAroundYou */,
				6534B10614F216E300378A01 /* iAroundYouTests */,
			);
		};
/* End PBXProject section */

/* Begin PBXResourcesBuildPhase section */
		6534B0EA14F216E300378A01 /* Resources */ = {
			isa = PBXResourcesBuildPhase;
			buildActionMask = 2147483647;
			files = (
				6534B0FB14F216E300378A01 /* InfoPlist.strings in Resources */,
				6526E8C814F66BB2007F6BDC /* iAroundyouStoryboard.storyboard in Resources */,
			);
			runOnlyForDeploymentPostprocessing = 0;
		};
		6534B10414F216E300378A01 /* Resources */ = {
			isa = PBXResourcesBuildPhase;
			buildActionMask = 2147483647;
			files = (
				6534B11314F216E300378A01 /* InfoPlist.strings in Resources */,
			);
			runOnlyForDeploymentPostprocessing = 0;
		};
/* End PBXResourcesBuildPhase section */

/* Begin PBXShellScriptBuildPhase section */
		6534B10514F216E300378A01 /* ShellScript */ = {
			isa = PBXShellScriptBuildPhase;
			buildActionMask = 2147483647;
			files = (
			);
			inputPaths = (
			);
			outputPaths = (
			);
			runOnlyForDeploymentPostprocessing = 0;
			shellPath = /bin/sh;
			shellScript = "# Run the unit tests in this test bundle.\n\"${SYSTEM_DEVELOPER_DIR}/Tools/RunUnitTests\"\n";
		};
/* End PBXShellScriptBuildPhase section */

/* Begin PBXSourcesBuildPhase section */
		6534B0E814F216E300378A01 /* Sources */ = {
			isa = PBXSourcesBuildPhase;
			buildActionMask = 2147483647;
			files = (
				6534B0FD14F216E300378A01 /* main.m in Sources */,
				6534B10114F216E300378A01 /* AppDelegate.m in Sources */,
				6526E8CC14F66D13007F6BDC /* MainViewController.m in Sources */,
				6526E8D714F67346007F6BDC /* MessagesTableViewController.m in Sources */,
				658C5C7614FA8B28007236B5 /* MessageAddViewController.m in Sources */,
				65B7867E14FD337B00CC67F0 /* ASIAuthenticationDialog.m in Sources */,
				65B7867F14FD337B00CC67F0 /* ASIDataCompressor.m in Sources */,
				65B7868014FD337B00CC67F0 /* ASIDataDecompressor.m in Sources */,
				65B7868114FD337B00CC67F0 /* ASIDownloadCache.m in Sources */,
				65B7868214FD337B00CC67F0 /* ASIFormDataRequest.m in Sources */,
				65B7868314FD337B00CC67F0 /* ASIHTTPRequest.m in Sources */,
				65B7868414FD337B00CC67F0 /* ASIInputStream.m in Sources */,
				65B7868514FD337B00CC67F0 /* ASINetworkQueue.m in Sources */,
				65B7868614FD337B00CC67F0 /* Reachability.m in Sources */,
				65B7868A14FD33CD00CC67F0 /* JSONKit.m in Sources */,
				6585F72C150337D40074CFA2 /* CoreDataTableViewController.m in Sources */,
				6585F72F150339890074CFA2 /* iAroundYouModel.xcdatamodeld in Sources */,
				6585F73E15033E180074CFA2 /* Message+Load.m in Sources */,
				6585F741150343F60074CFA2 /* User+Load.m in Sources */,
				659BB5521503537600153C0A /* Region.m in Sources */,
				659BB5551503537600153C0A /* Message.m in Sources */,
				659BB5581503537600153C0A /* User.m in Sources */,
				659BB55B1503537700153C0A /* Comment.m in Sources */,
				65887DD51506178100C72623 /* MessageDetailViewController.m in Sources */,
				6557F60A15074B9100504EC2 /* User+Image.m in Sources */,
			);
			runOnlyForDeploymentPostprocessing = 0;
		};
		6534B10214F216E300378A01 /* Sources */ = {
			isa = PBXSourcesBuildPhase;
			buildActionMask = 2147483647;
			files = (
				6534B11614F216E300378A01 /* iAroundYouTests.m in Sources */,
			);
			runOnlyForDeploymentPostprocessing = 0;
		};
/* End PBXSourcesBuildPhase section */

/* Begin PBXTargetDependency section */
		6534B10D14F216E300378A01 /* PBXTargetDependency */ = {
			isa = PBXTargetDependency;
			target = 6534B0EB14F216E300378A01 /* iAroundYou */;
			targetProxy = 6534B10C14F216E300378A01 /* PBXContainerItemProxy */;
		};
/* End PBXTargetDependency section */

/* Begin PBXVariantGroup section */
		6534B0F914F216E300378A01 /* InfoPlist.strings */ = {
			isa = PBXVariantGroup;
			children = (
				6534B0FA14F216E300378A01 /* en */,
			);
			name = InfoPlist.strings;
			sourceTree = "<group>";
		};
		6534B11114F216E300378A01 /* InfoPlist.strings */ = {
			isa = PBXVariantGroup;
			children = (
				6534B11214F216E300378A01 /* en */,
			);
			name = InfoPlist.strings;
			sourceTree = "<group>";
		};
/* End PBXVariantGroup section */

/* Begin XCBuildConfiguration section */
		6534B11714F216E300378A01 /* Debug */ = {
			isa = XCBuildConfiguration;
			buildSettings = {
				ALWAYS_SEARCH_USER_PATHS = NO;
				ARCHS = "$(ARCHS_STANDARD_32_BIT)";
				CLANG_ENABLE_OBJC_ARC = YES;
				"CODE_SIGN_IDENTITY[sdk=iphoneos*]" = "iPhone Developer";
				COPY_PHASE_STRIP = NO;
				GCC_C_LANGUAGE_STANDARD = gnu99;
				GCC_DYNAMIC_NO_PIC = NO;
				GCC_OPTIMIZATION_LEVEL = 0;
				GCC_PREPROCESSOR_DEFINITIONS = (
					"DEBUG=1",
					"$(inherited)",
				);
				GCC_SYMBOLS_PRIVATE_EXTERN = NO;
				GCC_VERSION = com.apple.compilers.llvm.clang.1_0;
				GCC_WARN_ABOUT_MISSING_PROTOTYPES = YES;
				GCC_WARN_ABOUT_RETURN_TYPE = YES;
				GCC_WARN_UNUSED_VARIABLE = YES;
				IPHONEOS_DEPLOYMENT_TARGET = 5.0;
				SDKROOT = iphoneos;
			};
			name = Debug;
		};
		6534B11814F216E300378A01 /* Release */ = {
			isa = XCBuildConfiguration;
			buildSettings = {
				ALWAYS_SEARCH_USER_PATHS = NO;
				ARCHS = "$(ARCHS_STANDARD_32_BIT)";
				CLANG_ENABLE_OBJC_ARC = YES;
				"CODE_SIGN_IDENTITY[sdk=iphoneos*]" = "iPhone Developer";
				COPY_PHASE_STRIP = YES;
				GCC_C_LANGUAGE_STANDARD = gnu99;
				GCC_VERSION = com.apple.compilers.llvm.clang.1_0;
				GCC_WARN_ABOUT_MISSING_PROTOTYPES = YES;
				GCC_WARN_ABOUT_RETURN_TYPE = YES;
				GCC_WARN_UNUSED_VARIABLE = YES;
				IPHONEOS_DEPLOYMENT_TARGET = 5.0;
				OTHER_CFLAGS = "-DNS_BLOCK_ASSERTIONS=1";
				SDKROOT = iphoneos;
				VALIDATE_PRODUCT = YES;
			};
			name = Release;
		};
		6534B11A14F216E300378A01 /* Debug */ = {
			isa = XCBuildConfiguration;
			buildSettings = {
				GCC_PRECOMPILE_PREFIX_HEADER = YES;
				GCC_PREFIX_HEADER = "iAroundYou/iAroundYou-Prefix.pch";
				INFOPLIST_FILE = "iAroundYou/iAroundYou-Info.plist";
				PRODUCT_NAME = "$(TARGET_NAME)";
				WRAPPER_EXTENSION = app;
			};
			name = Debug;
		};
		6534B11B14F216E300378A01 /* Release */ = {
			isa = XCBuildConfiguration;
			buildSettings = {
				GCC_PRECOMPILE_PREFIX_HEADER = YES;
				GCC_PREFIX_HEADER = "iAroundYou/iAroundYou-Prefix.pch";
				INFOPLIST_FILE = "iAroundYou/iAroundYou-Info.plist";
				PRODUCT_NAME = "$(TARGET_NAME)";
				WRAPPER_EXTENSION = app;
			};
			name = Release;
		};
		6534B11D14F216E300378A01 /* Debug */ = {
			isa = XCBuildConfiguration;
			buildSettings = {
				BUNDLE_LOADER = "$(BUILT_PRODUCTS_DIR)/iAroundYou.app/iAroundYou";
				FRAMEWORK_SEARCH_PATHS = (
					"$(SDKROOT)/Developer/Library/Frameworks",
					"$(DEVELOPER_LIBRARY_DIR)/Frameworks",
				);
				GCC_PRECOMPILE_PREFIX_HEADER = YES;
				GCC_PREFIX_HEADER = "iAroundYou/iAroundYou-Prefix.pch";
				INFOPLIST_FILE = "iAroundYouTests/iAroundYouTests-Info.plist";
				PRODUCT_NAME = "$(TARGET_NAME)";
				TEST_HOST = "$(BUNDLE_LOADER)";
				WRAPPER_EXTENSION = octest;
			};
			name = Debug;
		};
		6534B11E14F216E300378A01 /* Release */ = {
			isa = XCBuildConfiguration;
			buildSettings = {
				BUNDLE_LOADER = "$(BUILT_PRODUCTS_DIR)/iAroundYou.app/iAroundYou";
				FRAMEWORK_SEARCH_PATHS = (
					"$(SDKROOT)/Developer/Library/Frameworks",
					"$(DEVELOPER_LIBRARY_DIR)/Frameworks",
				);
				GCC_PRECOMPILE_PREFIX_HEADER = YES;
				GCC_PREFIX_HEADER = "iAroundYou/iAroundYou-Prefix.pch";
				INFOPLIST_FILE = "iAroundYouTests/iAroundYouTests-Info.plist";
				PRODUCT_NAME = "$(TARGET_NAME)";
				TEST_HOST = "$(BUNDLE_LOADER)";
				WRAPPER_EXTENSION = octest;
			};
			name = Release;
		};
/* End XCBuildConfiguration section */

/* Begin XCConfigurationList section */
		6534B0E614F216E300378A01 /* Build configuration list for PBXProject "iAroundYou" */ = {
			isa = XCConfigurationList;
			buildConfigurations = (
				6534B11714F216E300378A01 /* Debug */,
				6534B11814F216E300378A01 /* Release */,
			);
			defaultConfigurationIsVisible = 0;
			defaultConfigurationName = Release;
		};
		6534B11914F216E300378A01 /* Build configuration list for PBXNativeTarget "iAroundYou" */ = {
			isa = XCConfigurationList;
			buildConfigurations = (
				6534B11A14F216E300378A01 /* Debug */,
				6534B11B14F216E300378A01 /* Release */,
			);
			defaultConfigurationIsVisible = 0;
			defaultConfigurationName = Release;
		};
		6534B11C14F216E300378A01 /* Build configuration list for PBXNativeTarget "iAroundYouTests" */ = {
			isa = XCConfigurationList;
			buildConfigurations = (
				6534B11D14F216E300378A01 /* Debug */,
				6534B11E14F216E300378A01 /* Release */,
			);
			defaultConfigurationIsVisible = 0;
			defaultConfigurationName = Release;
		};
/* End XCConfigurationList section */

/* Begin XCVersionGroup section */
		6585F72D150339890074CFA2 /* iAroundYouModel.xcdatamodeld */ = {
			isa = XCVersionGroup;
			children = (
				6585F72E150339890074CFA2 /* iAroundYouModel.xcdatamodel */,
			);
			currentVersion = 6585F72E150339890074CFA2 /* iAroundYouModel.xcdatamodel */;
			path = iAroundYouModel.xcdatamodeld;
			sourceTree = SOURCE_ROOT;
			versionGroupType = wrapper.xcdatamodel;
		};
/* End XCVersionGroup section */
	};
	rootObject = 6534B0E314F216E300378A01 /* Project object */;
}
