// !$*UTF8*$!
{
	archiveVersion = 1;
	classes = {
	};
	objectVersion = 46;
	objects = {

/* Begin PBXBuildFile section */
		6526E8C814F66BB2007F6BDC /* iAroundyouStoryboard.storyboard in Resources */ = {isa = PBXBuildFile; fileRef = 6526E8C714F66BB2007F6BDC /* iAroundyouStoryboard.storyboard */; };
		6526E8CC14F66D13007F6BDC /* MainViewController.m in Sources */ = {isa = PBXBuildFile; fileRef = 6526E8CB14F66D13007F6BDC /* MainViewController.m */; };
		6526E8D714F67346007F6BDC /* MessagesTableViewController.m in Sources */ = {isa = PBXBuildFile; fileRef = 6526E8D614F67346007F6BDC /* MessagesTableViewController.m */; };
		6534B0F114F216E300378A01 /* UIKit.framework in Frameworks */ = {isa = PBXBuildFile; fileRef = 6534B0F014F216E300378A01 /* UIKit.framework */; };
		6534B0F314F216E300378A01 /* Foundation.framework in Frameworks */ = {isa = PBXBuildFile; fileRef = 6534B0F214F216E300378A01 /* Foundation.framework */; };
		6534B0F514F216E300378A01 /* CoreGraphics.framework in Frameworks */ = {isa = PBXBuildFile; fileRef = 6534B0F414F216E300378A01 /* CoreGraphics.framework */; };
		6534B0FB14F216E300378A01 /* InfoPlist.strings in Resources */ = {isa = PBXBuildFile; fileRef = 6534B0F914F216E300378A01 /* InfoPlist.strings */; };
		6534B0FD14F216E300378A01 /* main.m in Sources */ = {isa = PBXBuildFile; fileRef = 6534B0FC14F216E300378A01 /* main.m */; };
		6534B10114F216E300378A01 /* AppDelegate.m in Sources */ = {isa = PBXBuildFile; fileRef = 6534B10014F216E300378A01 /* AppDelegate.m */; };
		6534B10914F216E300378A01 /* SenTestingKit.framework in Frameworks */ = {isa = PBXBuildFile; fileRef = 6534B10814F216E300378A01 /* SenTestingKit.framework */; };
		6534B10A14F216E300378A01 /* UIKit.framework in Frameworks */ = {isa = PBXBuildFile; fileRef = 6534B0F014F216E300378A01 /* UIKit.framework */; };
		6534B10B14F216E300378A01 /* Foundation.framework in Frameworks */ = {isa = PBXBuildFile; fileRef = 6534B0F214F216E300378A01 /* Foundation.framework */; };
		6534B11314F216E300378A01 /* InfoPlist.strings in Resources */ = {isa = PBXBuildFile; fileRef = 6534B11114F216E300378A01 /* InfoPlist.strings */; };
		6534B11614F216E300378A01 /* iAroundYouTests.m in Sources */ = {isa = PBXBuildFile; fileRef = 6534B11514F216E300378A01 /* iAroundYouTests.m */; };
		658C5C5F14FA66D4007236B5 /* NSObject+SBJson.m in Sources */ = {isa = PBXBuildFile; fileRef = 658C5C4714FA66D4007236B5 /* NSObject+SBJson.m */; };
		658C5C6014FA66D4007236B5 /* SBJsonParser.m in Sources */ = {isa = PBXBuildFile; fileRef = 658C5C4A14FA66D4007236B5 /* SBJsonParser.m */; };
		658C5C6114FA66D4007236B5 /* SBJsonStreamParser.m in Sources */ = {isa = PBXBuildFile; fileRef = 658C5C4C14FA66D4007236B5 /* SBJsonStreamParser.m */; };
		658C5C6214FA66D4007236B5 /* SBJsonStreamParserAccumulator.m in Sources */ = {isa = PBXBuildFile; fileRef = 658C5C4E14FA66D4007236B5 /* SBJsonStreamParserAccumulator.m */; };
		658C5C6314FA66D4007236B5 /* SBJsonStreamParserAdapter.m in Sources */ = {isa = PBXBuildFile; fileRef = 658C5C5014FA66D4007236B5 /* SBJsonStreamParserAdapter.m */; };
		658C5C6414FA66D4007236B5 /* SBJsonStreamParserState.m in Sources */ = {isa = PBXBuildFile; fileRef = 658C5C5214FA66D4007236B5 /* SBJsonStreamParserState.m */; };
		658C5C6514FA66D4007236B5 /* SBJsonStreamWriter.m in Sources */ = {isa = PBXBuildFile; fileRef = 658C5C5414FA66D4007236B5 /* SBJsonStreamWriter.m */; };
		658C5C6614FA66D4007236B5 /* SBJsonStreamWriterAccumulator.m in Sources */ = {isa = PBXBuildFile; fileRef = 658C5C5614FA66D4007236B5 /* SBJsonStreamWriterAccumulator.m */; };
		658C5C6714FA66D4007236B5 /* SBJsonStreamWriterState.m in Sources */ = {isa = PBXBuildFile; fileRef = 658C5C5814FA66D4007236B5 /* SBJsonStreamWriterState.m */; };
		658C5C6814FA66D4007236B5 /* SBJsonTokeniser.m in Sources */ = {isa = PBXBuildFile; fileRef = 658C5C5A14FA66D4007236B5 /* SBJsonTokeniser.m */; };
		658C5C6914FA66D4007236B5 /* SBJsonUTF8Stream.m in Sources */ = {isa = PBXBuildFile; fileRef = 658C5C5C14FA66D4007236B5 /* SBJsonUTF8Stream.m */; };
		658C5C6A14FA66D4007236B5 /* SBJsonWriter.m in Sources */ = {isa = PBXBuildFile; fileRef = 658C5C5E14FA66D4007236B5 /* SBJsonWriter.m */; };
		658C5C6F14FA6A7D007236B5 /* Message.m in Sources */ = {isa = PBXBuildFile; fileRef = 658C5C6E14FA6A7D007236B5 /* Message.m */; };
		658C5C7614FA8B28007236B5 /* MessageAddViewController.m in Sources */ = {isa = PBXBuildFile; fileRef = 658C5C7514FA8B28007236B5 /* MessageAddViewController.m */; };
		65A83E4314FBEFBF00269E8C /* CHANGELOG.md in Resources */ = {isa = PBXBuildFile; fileRef = 65A83E3F14FBEFBF00269E8C /* CHANGELOG.md */; };
		65A83E4414FBEFBF00269E8C /* JSONKit.m in Sources */ = {isa = PBXBuildFile; fileRef = 65A83E4114FBEFBF00269E8C /* JSONKit.m */; settings = {COMPILER_FLAGS = "-fno-objc-arc"; }; };
		65A83E4514FBEFBF00269E8C /* README.md in Resources */ = {isa = PBXBuildFile; fileRef = 65A83E4214FBEFBF00269E8C /* README.md */; };
		65A83EA114FBF1DA00269E8C /* ASIAuthenticationDialog.m in Sources */ = {isa = PBXBuildFile; fileRef = 65A83E4A14FBF1DA00269E8C /* ASIAuthenticationDialog.m */; settings = {COMPILER_FLAGS = "-fno-objc-arc"; }; };
		65A83EA214FBF1DA00269E8C /* ASIDataCompressor.m in Sources */ = {isa = PBXBuildFile; fileRef = 65A83E4D14FBF1DA00269E8C /* ASIDataCompressor.m */; settings = {COMPILER_FLAGS = "-fno-objc-arc"; }; };
		65A83EA314FBF1DA00269E8C /* ASIDataDecompressor.m in Sources */ = {isa = PBXBuildFile; fileRef = 65A83E4F14FBF1DA00269E8C /* ASIDataDecompressor.m */; settings = {COMPILER_FLAGS = "-fno-objc-arc"; }; };
		65A83EA414FBF1DA00269E8C /* ASIDownloadCache.m in Sources */ = {isa = PBXBuildFile; fileRef = 65A83E5114FBF1DA00269E8C /* ASIDownloadCache.m */; settings = {COMPILER_FLAGS = "-fno-objc-arc"; }; };
		65A83EA514FBF1DA00269E8C /* ASIFormDataRequest.m in Sources */ = {isa = PBXBuildFile; fileRef = 65A83E5314FBF1DA00269E8C /* ASIFormDataRequest.m */; settings = {COMPILER_FLAGS = "-fno-objc-arc"; }; };
		65A83EA614FBF1DA00269E8C /* ASIHTTPRequest.m in Sources */ = {isa = PBXBuildFile; fileRef = 65A83E5514FBF1DA00269E8C /* ASIHTTPRequest.m */; settings = {COMPILER_FLAGS = "-fno-objc-arc"; }; };
		65A83EA714FBF1DA00269E8C /* ASIInputStream.m in Sources */ = {isa = PBXBuildFile; fileRef = 65A83E5914FBF1DA00269E8C /* ASIInputStream.m */; settings = {COMPILER_FLAGS = "-fno-objc-arc"; }; };
		65A83EA814FBF1DA00269E8C /* ASINetworkQueue.m in Sources */ = {isa = PBXBuildFile; fileRef = 65A83E5B14FBF1DA00269E8C /* ASINetworkQueue.m */; settings = {COMPILER_FLAGS = "-fno-objc-arc"; }; };
		65A83EA914FBF1DA00269E8C /* ASIWebPageRequest.m in Sources */ = {isa = PBXBuildFile; fileRef = 65A83E5F14FBF1DA00269E8C /* ASIWebPageRequest.m */; settings = {COMPILER_FLAGS = "-fno-objc-arc"; }; };
		65A83EC614FBF1DA00269E8C /* README-GHUnit in Resources */ = {isa = PBXBuildFile; fileRef = 65A83E9D14FBF1DA00269E8C /* README-GHUnit */; };
		65A83EC714FBF1DA00269E8C /* Reachability.m in Sources */ = {isa = PBXBuildFile; fileRef = 65A83EA014FBF1DA00269E8C /* Reachability.m */; settings = {COMPILER_FLAGS = "-fno-objc-arc"; }; };
/* End PBXBuildFile section */

/* Begin PBXContainerItemProxy section */
		6534B10C14F216E300378A01 /* PBXContainerItemProxy */ = {
			isa = PBXContainerItemProxy;
			containerPortal = 6534B0E314F216E300378A01 /* Project object */;
			proxyType = 1;
			remoteGlobalIDString = 6534B0EB14F216E300378A01;
			remoteInfo = iAroundYou;
		};
/* End PBXContainerItemProxy section */

/* Begin PBXFileReference section */
		6526E8C714F66BB2007F6BDC /* iAroundyouStoryboard.storyboard */ = {isa = PBXFileReference; fileEncoding = 4; lastKnownFileType = file.storyboard; path = iAroundyouStoryboard.storyboard; sourceTree = "<group>"; };
		6526E8CA14F66D13007F6BDC /* MainViewController.h */ = {isa = PBXFileReference; fileEncoding = 4; lastKnownFileType = sourcecode.c.h; path = MainViewController.h; sourceTree = "<group>"; };
		6526E8CB14F66D13007F6BDC /* MainViewController.m */ = {isa = PBXFileReference; fileEncoding = 4; lastKnownFileType = sourcecode.c.objc; path = MainViewController.m; sourceTree = "<group>"; };
		6526E8D514F67346007F6BDC /* MessagesTableViewController.h */ = {isa = PBXFileReference; fileEncoding = 4; lastKnownFileType = sourcecode.c.h; path = MessagesTableViewController.h; sourceTree = "<group>"; };
		6526E8D614F67346007F6BDC /* MessagesTableViewController.m */ = {isa = PBXFileReference; fileEncoding = 4; lastKnownFileType = sourcecode.c.objc; path = MessagesTableViewController.m; sourceTree = "<group>"; };
		6534B0EC14F216E300378A01 /* iAroundYou.app */ = {isa = PBXFileReference; explicitFileType = wrapper.application; includeInIndex = 0; path = iAroundYou.app; sourceTree = BUILT_PRODUCTS_DIR; };
		6534B0F014F216E300378A01 /* UIKit.framework */ = {isa = PBXFileReference; lastKnownFileType = wrapper.framework; name = UIKit.framework; path = System/Library/Frameworks/UIKit.framework; sourceTree = SDKROOT; };
		6534B0F214F216E300378A01 /* Foundation.framework */ = {isa = PBXFileReference; lastKnownFileType = wrapper.framework; name = Foundation.framework; path = System/Library/Frameworks/Foundation.framework; sourceTree = SDKROOT; };
		6534B0F414F216E300378A01 /* CoreGraphics.framework */ = {isa = PBXFileReference; lastKnownFileType = wrapper.framework; name = CoreGraphics.framework; path = System/Library/Frameworks/CoreGraphics.framework; sourceTree = SDKROOT; };
		6534B0F814F216E300378A01 /* iAroundYou-Info.plist */ = {isa = PBXFileReference; lastKnownFileType = text.plist.xml; path = "iAroundYou-Info.plist"; sourceTree = "<group>"; };
		6534B0FA14F216E300378A01 /* en */ = {isa = PBXFileReference; lastKnownFileType = text.plist.strings; name = en; path = en.lproj/InfoPlist.strings; sourceTree = "<group>"; };
		6534B0FC14F216E300378A01 /* main.m */ = {isa = PBXFileReference; lastKnownFileType = sourcecode.c.objc; path = main.m; sourceTree = "<group>"; };
		6534B0FE14F216E300378A01 /* iAroundYou-Prefix.pch */ = {isa = PBXFileReference; lastKnownFileType = sourcecode.c.h; path = "iAroundYou-Prefix.pch"; sourceTree = "<group>"; };
		6534B0FF14F216E300378A01 /* AppDelegate.h */ = {isa = PBXFileReference; lastKnownFileType = sourcecode.c.h; path = AppDelegate.h; sourceTree = "<group>"; };
		6534B10014F216E300378A01 /* AppDelegate.m */ = {isa = PBXFileReference; lastKnownFileType = sourcecode.c.objc; path = AppDelegate.m; sourceTree = "<group>"; };
		6534B10714F216E300378A01 /* iAroundYouTests.octest */ = {isa = PBXFileReference; explicitFileType = wrapper.cfbundle; includeInIndex = 0; path = iAroundYouTests.octest; sourceTree = BUILT_PRODUCTS_DIR; };
		6534B10814F216E300378A01 /* SenTestingKit.framework */ = {isa = PBXFileReference; lastKnownFileType = wrapper.framework; name = SenTestingKit.framework; path = Library/Frameworks/SenTestingKit.framework; sourceTree = DEVELOPER_DIR; };
		6534B11014F216E300378A01 /* iAroundYouTests-Info.plist */ = {isa = PBXFileReference; lastKnownFileType = text.plist.xml; path = "iAroundYouTests-Info.plist"; sourceTree = "<group>"; };
		6534B11214F216E300378A01 /* en */ = {isa = PBXFileReference; lastKnownFileType = text.plist.strings; name = en; path = en.lproj/InfoPlist.strings; sourceTree = "<group>"; };
		6534B11414F216E300378A01 /* iAroundYouTests.h */ = {isa = PBXFileReference; lastKnownFileType = sourcecode.c.h; path = iAroundYouTests.h; sourceTree = "<group>"; };
		6534B11514F216E300378A01 /* iAroundYouTests.m */ = {isa = PBXFileReference; lastKnownFileType = sourcecode.c.objc; path = iAroundYouTests.m; sourceTree = "<group>"; };
		658C5C4614FA66D4007236B5 /* NSObject+SBJson.h */ = {isa = PBXFileReference; fileEncoding = 4; lastKnownFileType = sourcecode.c.h; path = "NSObject+SBJson.h"; sourceTree = "<group>"; };
		658C5C4714FA66D4007236B5 /* NSObject+SBJson.m */ = {isa = PBXFileReference; fileEncoding = 4; lastKnownFileType = sourcecode.c.objc; path = "NSObject+SBJson.m"; sourceTree = "<group>"; };
		658C5C4814FA66D4007236B5 /* SBJson.h */ = {isa = PBXFileReference; fileEncoding = 4; lastKnownFileType = sourcecode.c.h; path = SBJson.h; sourceTree = "<group>"; };
		658C5C4914FA66D4007236B5 /* SBJsonParser.h */ = {isa = PBXFileReference; fileEncoding = 4; lastKnownFileType = sourcecode.c.h; path = SBJsonParser.h; sourceTree = "<group>"; };
		658C5C4A14FA66D4007236B5 /* SBJsonParser.m */ = {isa = PBXFileReference; fileEncoding = 4; lastKnownFileType = sourcecode.c.objc; path = SBJsonParser.m; sourceTree = "<group>"; };
		658C5C4B14FA66D4007236B5 /* SBJsonStreamParser.h */ = {isa = PBXFileReference; fileEncoding = 4; lastKnownFileType = sourcecode.c.h; path = SBJsonStreamParser.h; sourceTree = "<group>"; };
		658C5C4C14FA66D4007236B5 /* SBJsonStreamParser.m */ = {isa = PBXFileReference; fileEncoding = 4; lastKnownFileType = sourcecode.c.objc; path = SBJsonStreamParser.m; sourceTree = "<group>"; };
		658C5C4D14FA66D4007236B5 /* SBJsonStreamParserAccumulator.h */ = {isa = PBXFileReference; fileEncoding = 4; lastKnownFileType = sourcecode.c.h; path = SBJsonStreamParserAccumulator.h; sourceTree = "<group>"; };
		658C5C4E14FA66D4007236B5 /* SBJsonStreamParserAccumulator.m */ = {isa = PBXFileReference; fileEncoding = 4; lastKnownFileType = sourcecode.c.objc; path = SBJsonStreamParserAccumulator.m; sourceTree = "<group>"; };
		658C5C4F14FA66D4007236B5 /* SBJsonStreamParserAdapter.h */ = {isa = PBXFileReference; fileEncoding = 4; lastKnownFileType = sourcecode.c.h; path = SBJsonStreamParserAdapter.h; sourceTree = "<group>"; };
		658C5C5014FA66D4007236B5 /* SBJsonStreamParserAdapter.m */ = {isa = PBXFileReference; fileEncoding = 4; lastKnownFileType = sourcecode.c.objc; path = SBJsonStreamParserAdapter.m; sourceTree = "<group>"; };
		658C5C5114FA66D4007236B5 /* SBJsonStreamParserState.h */ = {isa = PBXFileReference; fileEncoding = 4; lastKnownFileType = sourcecode.c.h; path = SBJsonStreamParserState.h; sourceTree = "<group>"; };
		658C5C5214FA66D4007236B5 /* SBJsonStreamParserState.m */ = {isa = PBXFileReference; fileEncoding = 4; lastKnownFileType = sourcecode.c.objc; path = SBJsonStreamParserState.m; sourceTree = "<group>"; };
		658C5C5314FA66D4007236B5 /* SBJsonStreamWriter.h */ = {isa = PBXFileReference; fileEncoding = 4; lastKnownFileType = sourcecode.c.h; path = SBJsonStreamWriter.h; sourceTree = "<group>"; };
		658C5C5414FA66D4007236B5 /* SBJsonStreamWriter.m */ = {isa = PBXFileReference; fileEncoding = 4; lastKnownFileType = sourcecode.c.objc; path = SBJsonStreamWriter.m; sourceTree = "<group>"; };
		658C5C5514FA66D4007236B5 /* SBJsonStreamWriterAccumulator.h */ = {isa = PBXFileReference; fileEncoding = 4; lastKnownFileType = sourcecode.c.h; path = SBJsonStreamWriterAccumulator.h; sourceTree = "<group>"; };
		658C5C5614FA66D4007236B5 /* SBJsonStreamWriterAccumulator.m */ = {isa = PBXFileReference; fileEncoding = 4; lastKnownFileType = sourcecode.c.objc; path = SBJsonStreamWriterAccumulator.m; sourceTree = "<group>"; };
		658C5C5714FA66D4007236B5 /* SBJsonStreamWriterState.h */ = {isa = PBXFileReference; fileEncoding = 4; lastKnownFileType = sourcecode.c.h; path = SBJsonStreamWriterState.h; sourceTree = "<group>"; };
		658C5C5814FA66D4007236B5 /* SBJsonStreamWriterState.m */ = {isa = PBXFileReference; fileEncoding = 4; lastKnownFileType = sourcecode.c.objc; path = SBJsonStreamWriterState.m; sourceTree = "<group>"; };
		658C5C5914FA66D4007236B5 /* SBJsonTokeniser.h */ = {isa = PBXFileReference; fileEncoding = 4; lastKnownFileType = sourcecode.c.h; path = SBJsonTokeniser.h; sourceTree = "<group>"; };
		658C5C5A14FA66D4007236B5 /* SBJsonTokeniser.m */ = {isa = PBXFileReference; fileEncoding = 4; lastKnownFileType = sourcecode.c.objc; path = SBJsonTokeniser.m; sourceTree = "<group>"; };
		658C5C5B14FA66D4007236B5 /* SBJsonUTF8Stream.h */ = {isa = PBXFileReference; fileEncoding = 4; lastKnownFileType = sourcecode.c.h; path = SBJsonUTF8Stream.h; sourceTree = "<group>"; };
		658C5C5C14FA66D4007236B5 /* SBJsonUTF8Stream.m */ = {isa = PBXFileReference; fileEncoding = 4; lastKnownFileType = sourcecode.c.objc; path = SBJsonUTF8Stream.m; sourceTree = "<group>"; };
		658C5C5D14FA66D4007236B5 /* SBJsonWriter.h */ = {isa = PBXFileReference; fileEncoding = 4; lastKnownFileType = sourcecode.c.h; path = SBJsonWriter.h; sourceTree = "<group>"; };
		658C5C5E14FA66D4007236B5 /* SBJsonWriter.m */ = {isa = PBXFileReference; fileEncoding = 4; lastKnownFileType = sourcecode.c.objc; path = SBJsonWriter.m; sourceTree = "<group>"; };
		658C5C6D14FA6A7D007236B5 /* Message.h */ = {isa = PBXFileReference; fileEncoding = 4; lastKnownFileType = sourcecode.c.h; path = Message.h; sourceTree = "<group>"; };
		658C5C6E14FA6A7D007236B5 /* Message.m */ = {isa = PBXFileReference; fileEncoding = 4; lastKnownFileType = sourcecode.c.objc; path = Message.m; sourceTree = "<group>"; };
		658C5C7414FA8B27007236B5 /* MessageAddViewController.h */ = {isa = PBXFileReference; fileEncoding = 4; lastKnownFileType = sourcecode.c.h; path = MessageAddViewController.h; sourceTree = "<group>"; };
		658C5C7514FA8B28007236B5 /* MessageAddViewController.m */ = {isa = PBXFileReference; fileEncoding = 4; lastKnownFileType = sourcecode.c.objc; path = MessageAddViewController.m; sourceTree = "<group>"; };
		65A83E3F14FBEFBF00269E8C /* CHANGELOG.md */ = {isa = PBXFileReference; fileEncoding = 4; lastKnownFileType = text; path = CHANGELOG.md; sourceTree = "<group>"; };
		65A83E4014FBEFBF00269E8C /* JSONKit.h */ = {isa = PBXFileReference; fileEncoding = 4; lastKnownFileType = sourcecode.c.h; path = JSONKit.h; sourceTree = "<group>"; };
		65A83E4114FBEFBF00269E8C /* JSONKit.m */ = {isa = PBXFileReference; fileEncoding = 4; lastKnownFileType = sourcecode.c.objc; path = JSONKit.m; sourceTree = "<group>"; };
		65A83E4214FBEFBF00269E8C /* README.md */ = {isa = PBXFileReference; fileEncoding = 4; lastKnownFileType = text; path = README.md; sourceTree = "<group>"; };
		65A83E4914FBF1DA00269E8C /* ASIAuthenticationDialog.h */ = {isa = PBXFileReference; fileEncoding = 4; lastKnownFileType = sourcecode.c.h; path = ASIAuthenticationDialog.h; sourceTree = "<group>"; };
		65A83E4A14FBF1DA00269E8C /* ASIAuthenticationDialog.m */ = {isa = PBXFileReference; fileEncoding = 4; lastKnownFileType = sourcecode.c.objc; path = ASIAuthenticationDialog.m; sourceTree = "<group>"; };
		65A83E4B14FBF1DA00269E8C /* ASICacheDelegate.h */ = {isa = PBXFileReference; fileEncoding = 4; lastKnownFileType = sourcecode.c.h; path = ASICacheDelegate.h; sourceTree = "<group>"; };
		65A83E4C14FBF1DA00269E8C /* ASIDataCompressor.h */ = {isa = PBXFileReference; fileEncoding = 4; lastKnownFileType = sourcecode.c.h; path = ASIDataCompressor.h; sourceTree = "<group>"; };
		65A83E4D14FBF1DA00269E8C /* ASIDataCompressor.m */ = {isa = PBXFileReference; fileEncoding = 4; lastKnownFileType = sourcecode.c.objc; path = ASIDataCompressor.m; sourceTree = "<group>"; };
		65A83E4E14FBF1DA00269E8C /* ASIDataDecompressor.h */ = {isa = PBXFileReference; fileEncoding = 4; lastKnownFileType = sourcecode.c.h; path = ASIDataDecompressor.h; sourceTree = "<group>"; };
		65A83E4F14FBF1DA00269E8C /* ASIDataDecompressor.m */ = {isa = PBXFileReference; fileEncoding = 4; lastKnownFileType = sourcecode.c.objc; path = ASIDataDecompressor.m; sourceTree = "<group>"; };
		65A83E5014FBF1DA00269E8C /* ASIDownloadCache.h */ = {isa = PBXFileReference; fileEncoding = 4; lastKnownFileType = sourcecode.c.h; path = ASIDownloadCache.h; sourceTree = "<group>"; };
		65A83E5114FBF1DA00269E8C /* ASIDownloadCache.m */ = {isa = PBXFileReference; fileEncoding = 4; lastKnownFileType = sourcecode.c.objc; path = ASIDownloadCache.m; sourceTree = "<group>"; };
		65A83E5214FBF1DA00269E8C /* ASIFormDataRequest.h */ = {isa = PBXFileReference; fileEncoding = 4; lastKnownFileType = sourcecode.c.h; path = ASIFormDataRequest.h; sourceTree = "<group>"; };
		65A83E5314FBF1DA00269E8C /* ASIFormDataRequest.m */ = {isa = PBXFileReference; fileEncoding = 4; lastKnownFileType = sourcecode.c.objc; path = ASIFormDataRequest.m; sourceTree = "<group>"; };
		65A83E5414FBF1DA00269E8C /* ASIHTTPRequest.h */ = {isa = PBXFileReference; fileEncoding = 4; lastKnownFileType = sourcecode.c.h; path = ASIHTTPRequest.h; sourceTree = "<group>"; };
		65A83E5514FBF1DA00269E8C /* ASIHTTPRequest.m */ = {isa = PBXFileReference; fileEncoding = 4; lastKnownFileType = sourcecode.c.objc; path = ASIHTTPRequest.m; sourceTree = "<group>"; };
		65A83E5614FBF1DA00269E8C /* ASIHTTPRequestConfig.h */ = {isa = PBXFileReference; fileEncoding = 4; lastKnownFileType = sourcecode.c.h; path = ASIHTTPRequestConfig.h; sourceTree = "<group>"; };
		65A83E5714FBF1DA00269E8C /* ASIHTTPRequestDelegate.h */ = {isa = PBXFileReference; fileEncoding = 4; lastKnownFileType = sourcecode.c.h; path = ASIHTTPRequestDelegate.h; sourceTree = "<group>"; };
		65A83E5814FBF1DA00269E8C /* ASIInputStream.h */ = {isa = PBXFileReference; fileEncoding = 4; lastKnownFileType = sourcecode.c.h; path = ASIInputStream.h; sourceTree = "<group>"; };
		65A83E5914FBF1DA00269E8C /* ASIInputStream.m */ = {isa = PBXFileReference; fileEncoding = 4; lastKnownFileType = sourcecode.c.objc; path = ASIInputStream.m; sourceTree = "<group>"; };
		65A83E5A14FBF1DA00269E8C /* ASINetworkQueue.h */ = {isa = PBXFileReference; fileEncoding = 4; lastKnownFileType = sourcecode.c.h; path = ASINetworkQueue.h; sourceTree = "<group>"; };
		65A83E5B14FBF1DA00269E8C /* ASINetworkQueue.m */ = {isa = PBXFileReference; fileEncoding = 4; lastKnownFileType = sourcecode.c.objc; path = ASINetworkQueue.m; sourceTree = "<group>"; };
		65A83E5C14FBF1DA00269E8C /* ASIProgressDelegate.h */ = {isa = PBXFileReference; fileEncoding = 4; lastKnownFileType = sourcecode.c.h; path = ASIProgressDelegate.h; sourceTree = "<group>"; };
		65A83E5E14FBF1DA00269E8C /* ASIWebPageRequest.h */ = {isa = PBXFileReference; fileEncoding = 4; lastKnownFileType = sourcecode.c.h; path = ASIWebPageRequest.h; sourceTree = "<group>"; };
		65A83E5F14FBF1DA00269E8C /* ASIWebPageRequest.m */ = {isa = PBXFileReference; fileEncoding = 4; lastKnownFileType = sourcecode.c.objc; path = ASIWebPageRequest.m; sourceTree = "<group>"; };
		65A83E9D14FBF1DA00269E8C /* README-GHUnit */ = {isa = PBXFileReference; fileEncoding = 4; lastKnownFileType = text; path = "README-GHUnit"; sourceTree = "<group>"; };
		65A83E9F14FBF1DA00269E8C /* Reachability.h */ = {isa = PBXFileReference; fileEncoding = 4; lastKnownFileType = sourcecode.c.h; path = Reachability.h; sourceTree = "<group>"; };
		65A83EA014FBF1DA00269E8C /* Reachability.m */ = {isa = PBXFileReference; fileEncoding = 4; lastKnownFileType = sourcecode.c.objc; path = Reachability.m; sourceTree = "<group>"; };
		65A83EC814FBF2DA00269E8C /* libxml2.dylib */ = {isa = PBXFileReference; lastKnownFileType = "compiled.mach-o.dylib"; name = libxml2.dylib; path = usr/lib/libxml2.dylib; sourceTree = SDKROOT; };
		65A83ECA14FBF2EA00269E8C /* libxml2.2.dylib */ = {isa = PBXFileReference; lastKnownFileType = "compiled.mach-o.dylib"; name = libxml2.2.dylib; path = usr/lib/libxml2.2.dylib; sourceTree = SDKROOT; };
		65A83ECC14FBF2F500269E8C /* libxml2.2.7.3.dylib */ = {isa = PBXFileReference; lastKnownFileType = "compiled.mach-o.dylib"; name = libxml2.2.7.3.dylib; path = usr/lib/libxml2.2.7.3.dylib; sourceTree = SDKROOT; };
/* End PBXFileReference section */

/* Begin PBXFrameworksBuildPhase section */
		6534B0E914F216E300378A01 /* Frameworks */ = {
			isa = PBXFrameworksBuildPhase;
			buildActionMask = 2147483647;
			files = (
				6534B0F114F216E300378A01 /* UIKit.framework in Frameworks */,
				6534B0F314F216E300378A01 /* Foundation.framework in Frameworks */,
				6534B0F514F216E300378A01 /* CoreGraphics.framework in Frameworks */,
			);
			runOnlyForDeploymentPostprocessing = 0;
		};
		6534B10314F216E300378A01 /* Frameworks */ = {
			isa = PBXFrameworksBuildPhase;
			buildActionMask = 2147483647;
			files = (
				6534B10914F216E300378A01 /* SenTestingKit.framework in Frameworks */,
				6534B10A14F216E300378A01 /* UIKit.framework in Frameworks */,
				6534B10B14F216E300378A01 /* Foundation.framework in Frameworks */,
			);
			runOnlyForDeploymentPostprocessing = 0;
		};
/* End PBXFrameworksBuildPhase section */

/* Begin PBXGroup section */
		6534B0E114F216E300378A01 = {
			isa = PBXGroup;
			children = (
				65A83ECC14FBF2F500269E8C /* libxml2.2.7.3.dylib */,
				65A83ECA14FBF2EA00269E8C /* libxml2.2.dylib */,
				65A83EC814FBF2DA00269E8C /* libxml2.dylib */,
				6534B0F614F216E300378A01 /* iAroundYou */,
				6534B10E14F216E300378A01 /* iAroundYouTests */,
				6534B0EF14F216E300378A01 /* Frameworks */,
				6534B0ED14F216E300378A01 /* Products */,
			);
			sourceTree = "<group>";
		};
		6534B0ED14F216E300378A01 /* Products */ = {
			isa = PBXGroup;
			children = (
				6534B0EC14F216E300378A01 /* iAroundYou.app */,
				6534B10714F216E300378A01 /* iAroundYouTests.octest */,
			);
			name = Products;
			sourceTree = "<group>";
		};
		6534B0EF14F216E300378A01 /* Frameworks */ = {
			isa = PBXGroup;
			children = (
				6534B0F014F216E300378A01 /* UIKit.framework */,
				6534B0F214F216E300378A01 /* Foundation.framework */,
				6534B0F414F216E300378A01 /* CoreGraphics.framework */,
				6534B10814F216E300378A01 /* SenTestingKit.framework */,
			);
			name = Frameworks;
			sourceTree = "<group>";
		};
		6534B0F614F216E300378A01 /* iAroundYou */ = {
			isa = PBXGroup;
			children = (
				65A83E4714FBF1BD00269E8C /* ASIHttp */,
				65A83E3E14FBEFBF00269E8C /* JSONKit */,
				658C5C6C14FA6A6A007236B5 /* Models */,
				658C5C4514FA66D4007236B5 /* SBJsons */,
				6534B0FF14F216E300378A01 /* AppDelegate.h */,
				6534B10014F216E300378A01 /* AppDelegate.m */,
				6534B0F714F216E300378A01 /* Supporting Files */,
				6526E8C714F66BB2007F6BDC /* iAroundyouStoryboard.storyboard */,
				6526E8CA14F66D13007F6BDC /* MainViewController.h */,
				6526E8CB14F66D13007F6BDC /* MainViewController.m */,
				6526E8D514F67346007F6BDC /* MessagesTableViewController.h */,
				6526E8D614F67346007F6BDC /* MessagesTableViewController.m */,
				658C5C7414FA8B27007236B5 /* MessageAddViewController.h */,
				658C5C7514FA8B28007236B5 /* MessageAddViewController.m */,
			);
			path = iAroundYou;
			sourceTree = "<group>";
		};
		6534B0F714F216E300378A01 /* Supporting Files */ = {
			isa = PBXGroup;
			children = (
				6534B0F814F216E300378A01 /* iAroundYou-Info.plist */,
				6534B0F914F216E300378A01 /* InfoPlist.strings */,
				6534B0FC14F216E300378A01 /* main.m */,
				6534B0FE14F216E300378A01 /* iAroundYou-Prefix.pch */,
			);
			name = "Supporting Files";
			sourceTree = "<group>";
		};
		6534B10E14F216E300378A01 /* iAroundYouTests */ = {
			isa = PBXGroup;
			children = (
				6534B11414F216E300378A01 /* iAroundYouTests.h */,
				6534B11514F216E300378A01 /* iAroundYouTests.m */,
				6534B10F14F216E300378A01 /* Supporting Files */,
			);
			path = iAroundYouTests;
			sourceTree = "<group>";
		};
		6534B10F14F216E300378A01 /* Supporting Files */ = {
			isa = PBXGroup;
			children = (
				6534B11014F216E300378A01 /* iAroundYouTests-Info.plist */,
				6534B11114F216E300378A01 /* InfoPlist.strings */,
			);
			name = "Supporting Files";
			sourceTree = "<group>";
		};
		658C5C4514FA66D4007236B5 /* SBJsons */ = {
			isa = PBXGroup;
			children = (
				658C5C4614FA66D4007236B5 /* NSObject+SBJson.h */,
				658C5C4714FA66D4007236B5 /* NSObject+SBJson.m */,
				658C5C4814FA66D4007236B5 /* SBJson.h */,
				658C5C4914FA66D4007236B5 /* SBJsonParser.h */,
				658C5C4A14FA66D4007236B5 /* SBJsonParser.m */,
				658C5C4B14FA66D4007236B5 /* SBJsonStreamParser.h */,
				658C5C4C14FA66D4007236B5 /* SBJsonStreamParser.m */,
				658C5C4D14FA66D4007236B5 /* SBJsonStreamParserAccumulator.h */,
				658C5C4E14FA66D4007236B5 /* SBJsonStreamParserAccumulator.m */,
				658C5C4F14FA66D4007236B5 /* SBJsonStreamParserAdapter.h */,
				658C5C5014FA66D4007236B5 /* SBJsonStreamParserAdapter.m */,
				658C5C5114FA66D4007236B5 /* SBJsonStreamParserState.h */,
				658C5C5214FA66D4007236B5 /* SBJsonStreamParserState.m */,
				658C5C5314FA66D4007236B5 /* SBJsonStreamWriter.h */,
				658C5C5414FA66D4007236B5 /* SBJsonStreamWriter.m */,
				658C5C5514FA66D4007236B5 /* SBJsonStreamWriterAccumulator.h */,
				658C5C5614FA66D4007236B5 /* SBJsonStreamWriterAccumulator.m */,
				658C5C5714FA66D4007236B5 /* SBJsonStreamWriterState.h */,
				658C5C5814FA66D4007236B5 /* SBJsonStreamWriterState.m */,
				658C5C5914FA66D4007236B5 /* SBJsonTokeniser.h */,
				658C5C5A14FA66D4007236B5 /* SBJsonTokeniser.m */,
				658C5C5B14FA66D4007236B5 /* SBJsonUTF8Stream.h */,
				658C5C5C14FA66D4007236B5 /* SBJsonUTF8Stream.m */,
				658C5C5D14FA66D4007236B5 /* SBJsonWriter.h */,
				658C5C5E14FA66D4007236B5 /* SBJsonWriter.m */,
			);
			name = SBJsons;
			path = Classes;
			sourceTree = "<group>";
		};
		658C5C6C14FA6A6A007236B5 /* Models */ = {
			isa = PBXGroup;
			children = (
				658C5C6D14FA6A7D007236B5 /* Message.h */,
				658C5C6E14FA6A7D007236B5 /* Message.m */,
			);
			name = Models;
			sourceTree = "<group>";
		};
		65A83E3E14FBEFBF00269E8C /* JSONKit */ = {
			isa = PBXGroup;
			children = (
				65A83E3F14FBEFBF00269E8C /* CHANGELOG.md */,
				65A83E4014FBEFBF00269E8C /* JSONKit.h */,
				65A83E4114FBEFBF00269E8C /* JSONKit.m */,
				65A83E4214FBEFBF00269E8C /* README.md */,
			);
			name = JSONKit;
			path = ../../../JSONKit;
			sourceTree = "<group>";
		};
		65A83E4714FBF1BD00269E8C /* ASIHttp */ = {
			isa = PBXGroup;
			children = (
				65A83E4814FBF1DA00269E8C /* Classes */,
				65A83E9B14FBF1DA00269E8C /* External */,
			);
			name = ASIHttp;
			sourceTree = "<group>";
		};
		65A83E4814FBF1DA00269E8C /* Classes */ = {
			isa = PBXGroup;
			children = (
				65A83E4914FBF1DA00269E8C /* ASIAuthenticationDialog.h */,
				65A83E4A14FBF1DA00269E8C /* ASIAuthenticationDialog.m */,
				65A83E4B14FBF1DA00269E8C /* ASICacheDelegate.h */,
				65A83E4C14FBF1DA00269E8C /* ASIDataCompressor.h */,
				65A83E4D14FBF1DA00269E8C /* ASIDataCompressor.m */,
				65A83E4E14FBF1DA00269E8C /* ASIDataDecompressor.h */,
				65A83E4F14FBF1DA00269E8C /* ASIDataDecompressor.m */,
				65A83E5014FBF1DA00269E8C /* ASIDownloadCache.h */,
				65A83E5114FBF1DA00269E8C /* ASIDownloadCache.m */,
				65A83E5214FBF1DA00269E8C /* ASIFormDataRequest.h */,
				65A83E5314FBF1DA00269E8C /* ASIFormDataRequest.m */,
				65A83E5414FBF1DA00269E8C /* ASIHTTPRequest.h */,
				65A83E5514FBF1DA00269E8C /* ASIHTTPRequest.m */,
				65A83E5614FBF1DA00269E8C /* ASIHTTPRequestConfig.h */,
				65A83E5714FBF1DA00269E8C /* ASIHTTPRequestDelegate.h */,
				65A83E5814FBF1DA00269E8C /* ASIInputStream.h */,
				65A83E5914FBF1DA00269E8C /* ASIInputStream.m */,
				65A83E5A14FBF1DA00269E8C /* ASINetworkQueue.h */,
				65A83E5B14FBF1DA00269E8C /* ASINetworkQueue.m */,
				65A83E5C14FBF1DA00269E8C /* ASIProgressDelegate.h */,
				65A83E5D14FBF1DA00269E8C /* ASIWebPageRequest */,
			);
			name = Classes;
			path = "../../../asi-http-request/Classes";
			sourceTree = "<group>";
		};
		65A83E5D14FBF1DA00269E8C /* ASIWebPageRequest */ = {
			isa = PBXGroup;
			children = (
				65A83E5E14FBF1DA00269E8C /* ASIWebPageRequest.h */,
				65A83E5F14FBF1DA00269E8C /* ASIWebPageRequest.m */,
			);
			path = ASIWebPageRequest;
			sourceTree = "<group>";
		};
		65A83E9B14FBF1DA00269E8C /* External */ = {
			isa = PBXGroup;
			children = (
				65A83E9C14FBF1DA00269E8C /* GHUnit */,
				65A83E9E14FBF1DA00269E8C /* Reachability */,
			);
			name = External;
			path = "../../../asi-http-request/External";
			sourceTree = "<group>";
		};
		65A83E9C14FBF1DA00269E8C /* GHUnit */ = {
			isa = PBXGroup;
			children = (
				65A83E9D14FBF1DA00269E8C /* README-GHUnit */,
			);
			path = GHUnit;
			sourceTree = "<group>";
		};
		65A83E9E14FBF1DA00269E8C /* Reachability */ = {
			isa = PBXGroup;
			children = (
				65A83E9F14FBF1DA00269E8C /* Reachability.h */,
				65A83EA014FBF1DA00269E8C /* Reachability.m */,
			);
			path = Reachability;
			sourceTree = "<group>";
		};
/* End PBXGroup section */

/* Begin PBXNativeTarget section */
		6534B0EB14F216E300378A01 /* iAroundYou */ = {
			isa = PBXNativeTarget;
			buildConfigurationList = 6534B11914F216E300378A01 /* Build configuration list for PBXNativeTarget "iAroundYou" */;
			buildPhases = (
				6534B0E814F216E300378A01 /* Sources */,
				6534B0E914F216E300378A01 /* Frameworks */,
				6534B0EA14F216E300378A01 /* Resources */,
			);
			buildRules = (
			);
			dependencies = (
			);
			name = iAroundYou;
			productName = iAroundYou;
			productReference = 6534B0EC14F216E300378A01 /* iAroundYou.app */;
			productType = "com.apple.product-type.application";
		};
		6534B10614F216E300378A01 /* iAroundYouTests */ = {
			isa = PBXNativeTarget;
			buildConfigurationList = 6534B11C14F216E300378A01 /* Build configuration list for PBXNativeTarget "iAroundYouTests" */;
			buildPhases = (
				6534B10214F216E300378A01 /* Sources */,
				6534B10314F216E300378A01 /* Frameworks */,
				6534B10414F216E300378A01 /* Resources */,
				6534B10514F216E300378A01 /* ShellScript */,
			);
			buildRules = (
			);
			dependencies = (
				6534B10D14F216E300378A01 /* PBXTargetDependency */,
			);
			name = iAroundYouTests;
			productName = iAroundYouTests;
			productReference = 6534B10714F216E300378A01 /* iAroundYouTests.octest */;
			productType = "com.apple.product-type.bundle";
		};
/* End PBXNativeTarget section */

/* Begin PBXProject section */
		6534B0E314F216E300378A01 /* Project object */ = {
			isa = PBXProject;
			attributes = {
				LastUpgradeCheck = 0420;
			};
			buildConfigurationList = 6534B0E614F216E300378A01 /* Build configuration list for PBXProject "iAroundYou" */;
			compatibilityVersion = "Xcode 3.2";
			developmentRegion = English;
			hasScannedForEncodings = 0;
			knownRegions = (
				en,
			);
			mainGroup = 6534B0E114F216E300378A01;
			productRefGroup = 6534B0ED14F216E300378A01 /* Products */;
			projectDirPath = "";
			projectRoot = "";
			targets = (
				6534B0EB14F216E300378A01 /* iAroundYou */,
				6534B10614F216E300378A01 /* iAroundYouTests */,
			);
		};
/* End PBXProject section */

/* Begin PBXResourcesBuildPhase section */
		6534B0EA14F216E300378A01 /* Resources */ = {
			isa = PBXResourcesBuildPhase;
			buildActionMask = 2147483647;
			files = (
				6534B0FB14F216E300378A01 /* InfoPlist.strings in Resources */,
				6526E8C814F66BB2007F6BDC /* iAroundyouStoryboard.storyboard in Resources */,
				65A83E4314FBEFBF00269E8C /* CHANGELOG.md in Resources */,
				65A83E4514FBEFBF00269E8C /* README.md in Resources */,
				65A83EC614FBF1DA00269E8C /* README-GHUnit in Resources */,
			);
			runOnlyForDeploymentPostprocessing = 0;
		};
		6534B10414F216E300378A01 /* Resources */ = {
			isa = PBXResourcesBuildPhase;
			buildActionMask = 2147483647;
			files = (
				6534B11314F216E300378A01 /* InfoPlist.strings in Resources */,
			);
			runOnlyForDeploymentPostprocessing = 0;
		};
/* End PBXResourcesBuildPhase section */

/* Begin PBXShellScriptBuildPhase section */
		6534B10514F216E300378A01 /* ShellScript */ = {
			isa = PBXShellScriptBuildPhase;
			buildActionMask = 2147483647;
			files = (
			);
			inputPaths = (
			);
			outputPaths = (
			);
			runOnlyForDeploymentPostprocessing = 0;
			shellPath = /bin/sh;
			shellScript = "# Run the unit tests in this test bundle.\n\"${SYSTEM_DEVELOPER_DIR}/Tools/RunUnitTests\"\n";
		};
/* End PBXShellScriptBuildPhase section */

/* Begin PBXSourcesBuildPhase section */
		6534B0E814F216E300378A01 /* Sources */ = {
			isa = PBXSourcesBuildPhase;
			buildActionMask = 2147483647;
			files = (
				6534B0FD14F216E300378A01 /* main.m in Sources */,
				6534B10114F216E300378A01 /* AppDelegate.m in Sources */,
				6526E8CC14F66D13007F6BDC /* MainViewController.m in Sources */,
				6526E8D714F67346007F6BDC /* MessagesTableViewController.m in Sources */,
				658C5C5F14FA66D4007236B5 /* NSObject+SBJson.m in Sources */,
				658C5C6014FA66D4007236B5 /* SBJsonParser.m in Sources */,
				658C5C6114FA66D4007236B5 /* SBJsonStreamParser.m in Sources */,
				658C5C6214FA66D4007236B5 /* SBJsonStreamParserAccumulator.m in Sources */,
				658C5C6314FA66D4007236B5 /* SBJsonStreamParserAdapter.m in Sources */,
				658C5C6414FA66D4007236B5 /* SBJsonStreamParserState.m in Sources */,
				658C5C6514FA66D4007236B5 /* SBJsonStreamWriter.m in Sources */,
				658C5C6614FA66D4007236B5 /* SBJsonStreamWriterAccumulator.m in Sources */,
				658C5C6714FA66D4007236B5 /* SBJsonStreamWriterState.m in Sources */,
				658C5C6814FA66D4007236B5 /* SBJsonTokeniser.m in Sources */,
				658C5C6914FA66D4007236B5 /* SBJsonUTF8Stream.m in Sources */,
				658C5C6A14FA66D4007236B5 /* SBJsonWriter.m in Sources */,
				658C5C6F14FA6A7D007236B5 /* Message.m in Sources */,
				658C5C7614FA8B28007236B5 /* MessageAddViewController.m in Sources */,
				65A83E4414FBEFBF00269E8C /* JSONKit.m in Sources */,
				65A83EA114FBF1DA00269E8C /* ASIAuthenticationDialog.m in Sources */,
				65A83EA214FBF1DA00269E8C /* ASIDataCompressor.m in Sources */,
				65A83EA314FBF1DA00269E8C /* ASIDataDecompressor.m in Sources */,
				65A83EA414FBF1DA00269E8C /* ASIDownloadCache.m in Sources */,
				65A83EA514FBF1DA00269E8C /* ASIFormDataRequest.m in Sources */,
				65A83EA614FBF1DA00269E8C /* ASIHTTPRequest.m in Sources */,
				65A83EA714FBF1DA00269E8C /* ASIInputStream.m in Sources */,
				65A83EA814FBF1DA00269E8C /* ASINetworkQueue.m in Sources */,
				65A83EA914FBF1DA00269E8C /* ASIWebPageRequest.m in Sources */,
				65A83EC714FBF1DA00269E8C /* Reachability.m in Sources */,
			);
			runOnlyForDeploymentPostprocessing = 0;
		};
		6534B10214F216E300378A01 /* Sources */ = {
			isa = PBXSourcesBuildPhase;
			buildActionMask = 2147483647;
			files = (
				6534B11614F216E300378A01 /* iAroundYouTests.m in Sources */,
			);
			runOnlyForDeploymentPostprocessing = 0;
		};
/* End PBXSourcesBuildPhase section */

/* Begin PBXTargetDependency section */
		6534B10D14F216E300378A01 /* PBXTargetDependency */ = {
			isa = PBXTargetDependency;
			target = 6534B0EB14F216E300378A01 /* iAroundYou */;
			targetProxy = 6534B10C14F216E300378A01 /* PBXContainerItemProxy */;
		};
/* End PBXTargetDependency section */

/* Begin PBXVariantGroup section */
		6534B0F914F216E300378A01 /* InfoPlist.strings */ = {
			isa = PBXVariantGroup;
			children = (
				6534B0FA14F216E300378A01 /* en */,
			);
			name = InfoPlist.strings;
			sourceTree = "<group>";
		};
		6534B11114F216E300378A01 /* InfoPlist.strings */ = {
			isa = PBXVariantGroup;
			children = (
				6534B11214F216E300378A01 /* en */,
			);
			name = InfoPlist.strings;
			sourceTree = "<group>";
		};
/* End PBXVariantGroup section */

/* Begin XCBuildConfiguration section */
		6534B11714F216E300378A01 /* Debug */ = {
			isa = XCBuildConfiguration;
			buildSettings = {
				ALWAYS_SEARCH_USER_PATHS = NO;
				ARCHS = "$(ARCHS_STANDARD_32_BIT)";
				CLANG_ENABLE_OBJC_ARC = YES;
				"CODE_SIGN_IDENTITY[sdk=iphoneos*]" = "iPhone Developer";
				COPY_PHASE_STRIP = NO;
				GCC_C_LANGUAGE_STANDARD = gnu99;
				GCC_DYNAMIC_NO_PIC = NO;
				GCC_OPTIMIZATION_LEVEL = 0;
				GCC_PREPROCESSOR_DEFINITIONS = (
					"DEBUG=1",
					"$(inherited)",
				);
				GCC_SYMBOLS_PRIVATE_EXTERN = NO;
				GCC_VERSION = com.apple.compilers.llvm.clang.1_0;
				GCC_WARN_ABOUT_MISSING_PROTOTYPES = YES;
				GCC_WARN_ABOUT_RETURN_TYPE = YES;
				GCC_WARN_UNUSED_VARIABLE = YES;
				IPHONEOS_DEPLOYMENT_TARGET = 5.0;
				SDKROOT = iphoneos;
			};
			name = Debug;
		};
		6534B11814F216E300378A01 /* Release */ = {
			isa = XCBuildConfiguration;
			buildSettings = {
				ALWAYS_SEARCH_USER_PATHS = NO;
				ARCHS = "$(ARCHS_STANDARD_32_BIT)";
				CLANG_ENABLE_OBJC_ARC = YES;
				"CODE_SIGN_IDENTITY[sdk=iphoneos*]" = "iPhone Developer";
				COPY_PHASE_STRIP = YES;
				GCC_C_LANGUAGE_STANDARD = gnu99;
				GCC_VERSION = com.apple.compilers.llvm.clang.1_0;
				GCC_WARN_ABOUT_MISSING_PROTOTYPES = YES;
				GCC_WARN_ABOUT_RETURN_TYPE = YES;
				GCC_WARN_UNUSED_VARIABLE = YES;
				IPHONEOS_DEPLOYMENT_TARGET = 5.0;
				OTHER_CFLAGS = "-DNS_BLOCK_ASSERTIONS=1";
				SDKROOT = iphoneos;
				VALIDATE_PRODUCT = YES;
			};
			name = Release;
		};
		6534B11A14F216E300378A01 /* Debug */ = {
			isa = XCBuildConfiguration;
			buildSettings = {
				GCC_PRECOMPILE_PREFIX_HEADER = YES;
				GCC_PREFIX_HEADER = "iAroundYou/iAroundYou-Prefix.pch";
				INFOPLIST_FILE = "iAroundYou/iAroundYou-Info.plist";
				PRODUCT_NAME = "$(TARGET_NAME)";
				WRAPPER_EXTENSION = app;
			};
			name = Debug;
		};
		6534B11B14F216E300378A01 /* Release */ = {
			isa = XCBuildConfiguration;
			buildSettings = {
				GCC_PRECOMPILE_PREFIX_HEADER = YES;
				GCC_PREFIX_HEADER = "iAroundYou/iAroundYou-Prefix.pch";
				INFOPLIST_FILE = "iAroundYou/iAroundYou-Info.plist";
				PRODUCT_NAME = "$(TARGET_NAME)";
				WRAPPER_EXTENSION = app;
			};
			name = Release;
		};
		6534B11D14F216E300378A01 /* Debug */ = {
			isa = XCBuildConfiguration;
			buildSettings = {
				BUNDLE_LOADER = "$(BUILT_PRODUCTS_DIR)/iAroundYou.app/iAroundYou";
				FRAMEWORK_SEARCH_PATHS = (
					"$(SDKROOT)/Developer/Library/Frameworks",
					"$(DEVELOPER_LIBRARY_DIR)/Frameworks",
				);
				GCC_PRECOMPILE_PREFIX_HEADER = YES;
				GCC_PREFIX_HEADER = "iAroundYou/iAroundYou-Prefix.pch";
				INFOPLIST_FILE = "iAroundYouTests/iAroundYouTests-Info.plist";
				PRODUCT_NAME = "$(TARGET_NAME)";
				TEST_HOST = "$(BUNDLE_LOADER)";
				WRAPPER_EXTENSION = octest;
			};
			name = Debug;
		};
		6534B11E14F216E300378A01 /* Release */ = {
			isa = XCBuildConfiguration;
			buildSettings = {
				BUNDLE_LOADER = "$(BUILT_PRODUCTS_DIR)/iAroundYou.app/iAroundYou";
				FRAMEWORK_SEARCH_PATHS = (
					"$(SDKROOT)/Developer/Library/Frameworks",
					"$(DEVELOPER_LIBRARY_DIR)/Frameworks",
				);
				GCC_PRECOMPILE_PREFIX_HEADER = YES;
				GCC_PREFIX_HEADER = "iAroundYou/iAroundYou-Prefix.pch";
				INFOPLIST_FILE = "iAroundYouTests/iAroundYouTests-Info.plist";
				PRODUCT_NAME = "$(TARGET_NAME)";
				TEST_HOST = "$(BUNDLE_LOADER)";
				WRAPPER_EXTENSION = octest;
			};
			name = Release;
		};
/* End XCBuildConfiguration section */

/* Begin XCConfigurationList section */
		6534B0E614F216E300378A01 /* Build configuration list for PBXProject "iAroundYou" */ = {
			isa = XCConfigurationList;
			buildConfigurations = (
				6534B11714F216E300378A01 /* Debug */,
				6534B11814F216E300378A01 /* Release */,
			);
			defaultConfigurationIsVisible = 0;
			defaultConfigurationName = Release;
		};
		6534B11914F216E300378A01 /* Build configuration list for PBXNativeTarget "iAroundYou" */ = {
			isa = XCConfigurationList;
			buildConfigurations = (
				6534B11A14F216E300378A01 /* Debug */,
				6534B11B14F216E300378A01 /* Release */,
			);
			defaultConfigurationIsVisible = 0;
			defaultConfigurationName = Release;
		};
		6534B11C14F216E300378A01 /* Build configuration list for PBXNativeTarget "iAroundYouTests" */ = {
			isa = XCConfigurationList;
			buildConfigurations = (
				6534B11D14F216E300378A01 /* Debug */,
				6534B11E14F216E300378A01 /* Release */,
			);
			defaultConfigurationIsVisible = 0;
			defaultConfigurationName = Release;
		};
/* End XCConfigurationList section */
	};
	rootObject = 6534B0E314F216E300378A01 /* Project object */;
}
